// !$*UTF8*$!
{
	archiveVersion = 1;
	classes = {
	};
	objectVersion = 48;
	objects = {

/* Begin PBXBuildFile section */
		9BD2B6EF65781B28319A90B4 /* Pods_CardGameApp.framework in Frameworks */ = {isa = PBXBuildFile; fileRef = 0B5C6DFF9202C3E5ACB7A32F /* Pods_CardGameApp.framework */; };
		EE04C24C20319C9400A3CD3F /* SpareViewModel.swift in Sources */ = {isa = PBXBuildFile; fileRef = EE04C24B20319C9400A3CD3F /* SpareViewModel.swift */; };
		EE04C24E20319CA400A3CD3F /* WasteViewModel.swift in Sources */ = {isa = PBXBuildFile; fileRef = EE04C24D20319CA400A3CD3F /* WasteViewModel.swift */; };
		EE04C25020319CB000A3CD3F /* FoundationViewModel.swift in Sources */ = {isa = PBXBuildFile; fileRef = EE04C24F20319CB000A3CD3F /* FoundationViewModel.swift */; };
		EE04C25220319CBD00A3CD3F /* TableauViewModel.swift in Sources */ = {isa = PBXBuildFile; fileRef = EE04C25120319CBD00A3CD3F /* TableauViewModel.swift */; };
		EE04C25420319D6100A3CD3F /* FaceState.swift in Sources */ = {isa = PBXBuildFile; fileRef = EE04C25320319D6100A3CD3F /* FaceState.swift */; };
		EE04C2582031A46D00A3CD3F /* Location.swift in Sources */ = {isa = PBXBuildFile; fileRef = EE04C2572031A46D00A3CD3F /* Location.swift */; };
		EE04C25A2031A60400A3CD3F /* GameViewModel.swift in Sources */ = {isa = PBXBuildFile; fileRef = EE04C2592031A60400A3CD3F /* GameViewModel.swift */; };
		EE04C2642031D19400A3CD3F /* CardPresentable.swift in Sources */ = {isa = PBXBuildFile; fileRef = EE04C2632031D19400A3CD3F /* CardPresentable.swift */; };
		EE04C2682031D75D00A3CD3F /* GameViewController.swift in Sources */ = {isa = PBXBuildFile; fileRef = EE04C2672031D75D00A3CD3F /* GameViewController.swift */; };
		EE04C2702031E08400A3CD3F /* ViewConfig.swift in Sources */ = {isa = PBXBuildFile; fileRef = EE04C26F2031E08400A3CD3F /* ViewConfig.swift */; };
		EE04C2722031E63F00A3CD3F /* GameView.swift in Sources */ = {isa = PBXBuildFile; fileRef = EE04C2712031E63F00A3CD3F /* GameView.swift */; };
		EE19382C202CD2AD00CF62B5 /* Observable.swift in Sources */ = {isa = PBXBuildFile; fileRef = EE19382B202CD2AD00CF62B5 /* Observable.swift */; };
		EE22EDE1202044320084F399 /* AppDelegate.swift in Sources */ = {isa = PBXBuildFile; fileRef = EE22EDE0202044320084F399 /* AppDelegate.swift */; };
		EE22EDE6202044320084F399 /* Main.storyboard in Resources */ = {isa = PBXBuildFile; fileRef = EE22EDE4202044320084F399 /* Main.storyboard */; };
		EE22EDE8202044320084F399 /* Assets.xcassets in Resources */ = {isa = PBXBuildFile; fileRef = EE22EDE7202044320084F399 /* Assets.xcassets */; };
		EE22EDEB202044320084F399 /* LaunchScreen.storyboard in Resources */ = {isa = PBXBuildFile; fileRef = EE22EDE9202044320084F399 /* LaunchScreen.storyboard */; };
		EE2AEA84203030A5000D0121 /* CardView.swift in Sources */ = {isa = PBXBuildFile; fileRef = EE2AEA83203030A5000D0121 /* CardView.swift */; };
		EE3E7D012063495600232E70 /* ComparableProtocol.swift in Sources */ = {isa = PBXBuildFile; fileRef = EE3E7CFE2063495600232E70 /* ComparableProtocol.swift */; };
		EE3E7D022063495600232E70 /* StackProtocol.swift in Sources */ = {isa = PBXBuildFile; fileRef = EE3E7CFF2063495600232E70 /* StackProtocol.swift */; };
		EE3E7D032063495600232E70 /* EnumCollectionProtocol.swift in Sources */ = {isa = PBXBuildFile; fileRef = EE3E7D002063495600232E70 /* EnumCollectionProtocol.swift */; };
		EE3E7D0C20634AF800232E70 /* CustomIterator.swift in Sources */ = {isa = PBXBuildFile; fileRef = EE3E7D0B20634AF800232E70 /* CustomIterator.swift */; };
		EE3E7D1020634BC200232E70 /* EnumCollection.swift in Sources */ = {isa = PBXBuildFile; fileRef = EE3E7D0F20634BC200232E70 /* EnumCollection.swift */; };
		EE3E7D1320634BEA00232E70 /* ArrayExtension.swift in Sources */ = {isa = PBXBuildFile; fileRef = EE3E7D1220634BEA00232E70 /* ArrayExtension.swift */; };
		EE3E7D1720634D2D00232E70 /* Game.swift in Sources */ = {isa = PBXBuildFile; fileRef = EE3E7D1620634D2D00232E70 /* Game.swift */; };
		EE3E7D1920634D3F00232E70 /* Foundation.swift in Sources */ = {isa = PBXBuildFile; fileRef = EE3E7D1820634D3F00232E70 /* Foundation.swift */; };
		EE3E7D1B20634D4600232E70 /* Spare.swift in Sources */ = {isa = PBXBuildFile; fileRef = EE3E7D1A20634D4600232E70 /* Spare.swift */; };
		EE3E7D1D20634D5100232E70 /* Tableau.swift in Sources */ = {isa = PBXBuildFile; fileRef = EE3E7D1C20634D5100232E70 /* Tableau.swift */; };
		EE3E7D1F20634E9B00232E70 /* CardStackPresentable.swift in Sources */ = {isa = PBXBuildFile; fileRef = EE3E7D1E20634E9B00232E70 /* CardStackPresentable.swift */; };
		EE3E7D2120634F0600232E70 /* EmptyView.swift in Sources */ = {isa = PBXBuildFile; fileRef = EE3E7D2020634F0600232E70 /* EmptyView.swift */; };
		EE9AA9DD203200F200FBF2F1 /* BorderState.swift in Sources */ = {isa = PBXBuildFile; fileRef = EE9AA9DC203200F200FBF2F1 /* BorderState.swift */; };
		EE9AA9E72032183D00FBF2F1 /* CardViewActionDelegate.swift in Sources */ = {isa = PBXBuildFile; fileRef = EE9AA9E62032183D00FBF2F1 /* CardViewActionDelegate.swift */; };
		EEAA97C12063E91600A2C441 /* Foundations.swift in Sources */ = {isa = PBXBuildFile; fileRef = EEAA97C02063E91600A2C441 /* Foundations.swift */; };
		EEAA97C32063EE6E00A2C441 /* Tableaus.swift in Sources */ = {isa = PBXBuildFile; fileRef = EEAA97C22063EE6E00A2C441 /* Tableaus.swift */; };
		EEB70FEE203351C6004F4362 /* Color.swift in Sources */ = {isa = PBXBuildFile; fileRef = EEB70FED203351C6004F4362 /* Color.swift */; };
		EEB70FF020335282004F4362 /* MovableCardView.swift in Sources */ = {isa = PBXBuildFile; fileRef = EEB70FEF20335282004F4362 /* MovableCardView.swift */; };
		EEBF592E202191CC00093436 /* CardStack.swift in Sources */ = {isa = PBXBuildFile; fileRef = EEBF5922202191CC00093436 /* CardStack.swift */; };
		EEBF592F202191CC00093436 /* Card.swift in Sources */ = {isa = PBXBuildFile; fileRef = EEBF5923202191CC00093436 /* Card.swift */; };
		EEBF5930202191CC00093436 /* Number.swift in Sources */ = {isa = PBXBuildFile; fileRef = EEBF5924202191CC00093436 /* Number.swift */; };
		EEBF5931202191CC00093436 /* Deck.swift in Sources */ = {isa = PBXBuildFile; fileRef = EEBF5925202191CC00093436 /* Deck.swift */; };
		EEBF5932202191CC00093436 /* Shape.swift in Sources */ = {isa = PBXBuildFile; fileRef = EEBF5926202191CC00093436 /* Shape.swift */; };
		EEE53A6D202AEF3F0092939C /* CardViewModel.swift in Sources */ = {isa = PBXBuildFile; fileRef = EEE53A6C202AEF3F0092939C /* CardViewModel.swift */; };
/* End PBXBuildFile section */

/* Begin PBXFileReference section */
		0B5C6DFF9202C3E5ACB7A32F /* Pods_CardGameApp.framework */ = {isa = PBXFileReference; explicitFileType = wrapper.framework; includeInIndex = 0; path = Pods_CardGameApp.framework; sourceTree = BUILT_PRODUCTS_DIR; };
		99659751889EF03B67E57840 /* Pods-CardGameApp.release.xcconfig */ = {isa = PBXFileReference; includeInIndex = 1; lastKnownFileType = text.xcconfig; name = "Pods-CardGameApp.release.xcconfig"; path = "Pods/Target Support Files/Pods-CardGameApp/Pods-CardGameApp.release.xcconfig"; sourceTree = "<group>"; };
		BB9251F6AE3DE76A79FEC5F3 /* Pods-CardGameApp.debug.xcconfig */ = {isa = PBXFileReference; includeInIndex = 1; lastKnownFileType = text.xcconfig; name = "Pods-CardGameApp.debug.xcconfig"; path = "Pods/Target Support Files/Pods-CardGameApp/Pods-CardGameApp.debug.xcconfig"; sourceTree = "<group>"; };
		EE04C24B20319C9400A3CD3F /* SpareViewModel.swift */ = {isa = PBXFileReference; lastKnownFileType = sourcecode.swift; path = SpareViewModel.swift; sourceTree = "<group>"; };
		EE04C24D20319CA400A3CD3F /* WasteViewModel.swift */ = {isa = PBXFileReference; lastKnownFileType = sourcecode.swift; path = WasteViewModel.swift; sourceTree = "<group>"; };
		EE04C24F20319CB000A3CD3F /* FoundationViewModel.swift */ = {isa = PBXFileReference; lastKnownFileType = sourcecode.swift; path = FoundationViewModel.swift; sourceTree = "<group>"; };
		EE04C25120319CBD00A3CD3F /* TableauViewModel.swift */ = {isa = PBXFileReference; lastKnownFileType = sourcecode.swift; path = TableauViewModel.swift; sourceTree = "<group>"; };
		EE04C25320319D6100A3CD3F /* FaceState.swift */ = {isa = PBXFileReference; lastKnownFileType = sourcecode.swift; path = FaceState.swift; sourceTree = "<group>"; };
		EE04C2572031A46D00A3CD3F /* Location.swift */ = {isa = PBXFileReference; lastKnownFileType = sourcecode.swift; path = Location.swift; sourceTree = "<group>"; };
		EE04C2592031A60400A3CD3F /* GameViewModel.swift */ = {isa = PBXFileReference; lastKnownFileType = sourcecode.swift; path = GameViewModel.swift; sourceTree = "<group>"; };
		EE04C2632031D19400A3CD3F /* CardPresentable.swift */ = {isa = PBXFileReference; lastKnownFileType = sourcecode.swift; path = CardPresentable.swift; sourceTree = "<group>"; };
		EE04C2672031D75D00A3CD3F /* GameViewController.swift */ = {isa = PBXFileReference; lastKnownFileType = sourcecode.swift; path = GameViewController.swift; sourceTree = "<group>"; };
		EE04C26F2031E08400A3CD3F /* ViewConfig.swift */ = {isa = PBXFileReference; lastKnownFileType = sourcecode.swift; path = ViewConfig.swift; sourceTree = "<group>"; };
		EE04C2712031E63F00A3CD3F /* GameView.swift */ = {isa = PBXFileReference; lastKnownFileType = sourcecode.swift; path = GameView.swift; sourceTree = "<group>"; };
		EE19382B202CD2AD00CF62B5 /* Observable.swift */ = {isa = PBXFileReference; lastKnownFileType = sourcecode.swift; path = Observable.swift; sourceTree = "<group>"; };
		EE22EDDD202044320084F399 /* CardGameApp.app */ = {isa = PBXFileReference; explicitFileType = wrapper.application; includeInIndex = 0; path = CardGameApp.app; sourceTree = BUILT_PRODUCTS_DIR; };
		EE22EDE0202044320084F399 /* AppDelegate.swift */ = {isa = PBXFileReference; lastKnownFileType = sourcecode.swift; path = AppDelegate.swift; sourceTree = "<group>"; };
		EE22EDE5202044320084F399 /* Base */ = {isa = PBXFileReference; lastKnownFileType = file.storyboard; name = Base; path = Base.lproj/Main.storyboard; sourceTree = "<group>"; };
		EE22EDE7202044320084F399 /* Assets.xcassets */ = {isa = PBXFileReference; lastKnownFileType = folder.assetcatalog; path = Assets.xcassets; sourceTree = "<group>"; };
		EE22EDEA202044320084F399 /* Base */ = {isa = PBXFileReference; lastKnownFileType = file.storyboard; name = Base; path = Base.lproj/LaunchScreen.storyboard; sourceTree = "<group>"; };
		EE22EDEC202044320084F399 /* Info.plist */ = {isa = PBXFileReference; lastKnownFileType = text.plist.xml; path = Info.plist; sourceTree = "<group>"; };
		EE2AEA83203030A5000D0121 /* CardView.swift */ = {isa = PBXFileReference; lastKnownFileType = sourcecode.swift; path = CardView.swift; sourceTree = "<group>"; };
		EE3E7CFE2063495600232E70 /* ComparableProtocol.swift */ = {isa = PBXFileReference; fileEncoding = 4; lastKnownFileType = sourcecode.swift; path = ComparableProtocol.swift; sourceTree = "<group>"; };
		EE3E7CFF2063495600232E70 /* StackProtocol.swift */ = {isa = PBXFileReference; fileEncoding = 4; lastKnownFileType = sourcecode.swift; path = StackProtocol.swift; sourceTree = "<group>"; };
		EE3E7D002063495600232E70 /* EnumCollectionProtocol.swift */ = {isa = PBXFileReference; fileEncoding = 4; lastKnownFileType = sourcecode.swift; path = EnumCollectionProtocol.swift; sourceTree = "<group>"; };
		EE3E7D0B20634AF800232E70 /* CustomIterator.swift */ = {isa = PBXFileReference; lastKnownFileType = sourcecode.swift; path = CustomIterator.swift; sourceTree = "<group>"; };
		EE3E7D0F20634BC200232E70 /* EnumCollection.swift */ = {isa = PBXFileReference; lastKnownFileType = sourcecode.swift; path = EnumCollection.swift; sourceTree = "<group>"; };
		EE3E7D1220634BEA00232E70 /* ArrayExtension.swift */ = {isa = PBXFileReference; lastKnownFileType = sourcecode.swift; path = ArrayExtension.swift; sourceTree = "<group>"; };
		EE3E7D1620634D2D00232E70 /* Game.swift */ = {isa = PBXFileReference; lastKnownFileType = sourcecode.swift; path = Game.swift; sourceTree = "<group>"; };
		EE3E7D1820634D3F00232E70 /* Foundation.swift */ = {isa = PBXFileReference; lastKnownFileType = sourcecode.swift; path = Foundation.swift; sourceTree = "<group>"; };
		EE3E7D1A20634D4600232E70 /* Spare.swift */ = {isa = PBXFileReference; lastKnownFileType = sourcecode.swift; path = Spare.swift; sourceTree = "<group>"; };
		EE3E7D1C20634D5100232E70 /* Tableau.swift */ = {isa = PBXFileReference; lastKnownFileType = sourcecode.swift; path = Tableau.swift; sourceTree = "<group>"; };
		EE3E7D1E20634E9B00232E70 /* CardStackPresentable.swift */ = {isa = PBXFileReference; lastKnownFileType = sourcecode.swift; path = CardStackPresentable.swift; sourceTree = "<group>"; };
		EE3E7D2020634F0600232E70 /* EmptyView.swift */ = {isa = PBXFileReference; lastKnownFileType = sourcecode.swift; path = EmptyView.swift; sourceTree = "<group>"; };
		EE9AA9DC203200F200FBF2F1 /* BorderState.swift */ = {isa = PBXFileReference; lastKnownFileType = sourcecode.swift; path = BorderState.swift; sourceTree = "<group>"; };
		EE9AA9E62032183D00FBF2F1 /* CardViewActionDelegate.swift */ = {isa = PBXFileReference; lastKnownFileType = sourcecode.swift; path = CardViewActionDelegate.swift; sourceTree = "<group>"; };
		EEAA97C02063E91600A2C441 /* Foundations.swift */ = {isa = PBXFileReference; lastKnownFileType = sourcecode.swift; path = Foundations.swift; sourceTree = "<group>"; };
		EEAA97C22063EE6E00A2C441 /* Tableaus.swift */ = {isa = PBXFileReference; lastKnownFileType = sourcecode.swift; path = Tableaus.swift; sourceTree = "<group>"; };
		EEB70FED203351C6004F4362 /* Color.swift */ = {isa = PBXFileReference; lastKnownFileType = sourcecode.swift; path = Color.swift; sourceTree = "<group>"; };
		EEB70FEF20335282004F4362 /* MovableCardView.swift */ = {isa = PBXFileReference; lastKnownFileType = sourcecode.swift; path = MovableCardView.swift; sourceTree = "<group>"; };
		EEBF5922202191CC00093436 /* CardStack.swift */ = {isa = PBXFileReference; fileEncoding = 4; lastKnownFileType = sourcecode.swift; path = CardStack.swift; sourceTree = "<group>"; };
		EEBF5923202191CC00093436 /* Card.swift */ = {isa = PBXFileReference; fileEncoding = 4; lastKnownFileType = sourcecode.swift; path = Card.swift; sourceTree = "<group>"; };
		EEBF5924202191CC00093436 /* Number.swift */ = {isa = PBXFileReference; fileEncoding = 4; lastKnownFileType = sourcecode.swift; path = Number.swift; sourceTree = "<group>"; };
		EEBF5925202191CC00093436 /* Deck.swift */ = {isa = PBXFileReference; fileEncoding = 4; lastKnownFileType = sourcecode.swift; path = Deck.swift; sourceTree = "<group>"; };
		EEBF5926202191CC00093436 /* Shape.swift */ = {isa = PBXFileReference; fileEncoding = 4; lastKnownFileType = sourcecode.swift; path = Shape.swift; sourceTree = "<group>"; };
		EEE53A6C202AEF3F0092939C /* CardViewModel.swift */ = {isa = PBXFileReference; lastKnownFileType = sourcecode.swift; path = CardViewModel.swift; sourceTree = "<group>"; };
/* End PBXFileReference section */

/* Begin PBXFrameworksBuildPhase section */
		EE22EDDA202044320084F399 /* Frameworks */ = {
			isa = PBXFrameworksBuildPhase;
			buildActionMask = 2147483647;
			files = (
				9BD2B6EF65781B28319A90B4 /* Pods_CardGameApp.framework in Frameworks */,
			);
			runOnlyForDeploymentPostprocessing = 0;
		};
/* End PBXFrameworksBuildPhase section */

/* Begin PBXGroup section */
		92FBEA6AA31BC3C6B9CD643F /* Frameworks */ = {
			isa = PBXGroup;
			children = (
				0B5C6DFF9202C3E5ACB7A32F /* Pods_CardGameApp.framework */,
			);
			name = Frameworks;
			sourceTree = "<group>";
		};
		A078B3B839EEEDA8C9975AEC /* Pods */ = {
			isa = PBXGroup;
			children = (
				BB9251F6AE3DE76A79FEC5F3 /* Pods-CardGameApp.debug.xcconfig */,
				99659751889EF03B67E57840 /* Pods-CardGameApp.release.xcconfig */,
			);
			name = Pods;
			sourceTree = "<group>";
		};
		EE04C25B2031C3D900A3CD3F /* View */ = {
			isa = PBXGroup;
			children = (
				EE04C2652031D2F500A3CD3F /* Protocols */,
				EE15896D20398926001174E2 /* Enums */,
				EE04C2712031E63F00A3CD3F /* GameView.swift */,
				EE04C26F2031E08400A3CD3F /* ViewConfig.swift */,
				EEB70FEF20335282004F4362 /* MovableCardView.swift */,
				EE3E7D2020634F0600232E70 /* EmptyView.swift */,
				EE2AEA83203030A5000D0121 /* CardView.swift */,
			);
			path = View;
			sourceTree = "<group>";
		};
		EE04C2622031CF5000A3CD3F /* Protocols */ = {
			isa = PBXGroup;
			children = (
				EE19382B202CD2AD00CF62B5 /* Observable.swift */,
				EE3E7D1E20634E9B00232E70 /* CardStackPresentable.swift */,
			);
			path = Protocols;
			sourceTree = "<group>";
		};
		EE04C2652031D2F500A3CD3F /* Protocols */ = {
			isa = PBXGroup;
			children = (
				EE04C2632031D19400A3CD3F /* CardPresentable.swift */,
				EE9AA9E62032183D00FBF2F1 /* CardViewActionDelegate.swift */,
			);
			path = Protocols;
			sourceTree = "<group>";
		};
		EE04C2662031D31100A3CD3F /* Enums */ = {
			isa = PBXGroup;
			children = (
				EE04C25320319D6100A3CD3F /* FaceState.swift */,
				EE04C2572031A46D00A3CD3F /* Location.swift */,
			);
			path = Enums;
			sourceTree = "<group>";
		};
		EE15896D20398926001174E2 /* Enums */ = {
			isa = PBXGroup;
			children = (
				EE9AA9DC203200F200FBF2F1 /* BorderState.swift */,
			);
			path = Enums;
			sourceTree = "<group>";
		};
		EE22EDD4202044320084F399 = {
			isa = PBXGroup;
			children = (
				EE22EDDF202044320084F399 /* CardGameApp */,
				EE22EDDE202044320084F399 /* Products */,
				A078B3B839EEEDA8C9975AEC /* Pods */,
				92FBEA6AA31BC3C6B9CD643F /* Frameworks */,
			);
			sourceTree = "<group>";
		};
		EE22EDDE202044320084F399 /* Products */ = {
			isa = PBXGroup;
			children = (
				EE22EDDD202044320084F399 /* CardGameApp.app */,
			);
			name = Products;
			sourceTree = "<group>";
		};
		EE22EDDF202044320084F399 /* CardGameApp */ = {
			isa = PBXGroup;
			children = (
				EE22EDE0202044320084F399 /* AppDelegate.swift */,
				EE04C2672031D75D00A3CD3F /* GameViewController.swift */,
				EE04C25B2031C3D900A3CD3F /* View */,
				EEE53A84202B4D750092939C /* ViewModel */,
				EEBF591F202191CC00093436 /* Model */,
				EE3E7D0E20634B3200232E70 /* Helper */,
				EE460618205003C500DDEAE6 /* Supporting Files */,
				EE22EDEC202044320084F399 /* Info.plist */,
			);
			path = CardGameApp;
			sourceTree = "<group>";
		};
		EE3E7D042063496100232E70 /* Protocols */ = {
			isa = PBXGroup;
			children = (
				EE3E7CFE2063495600232E70 /* ComparableProtocol.swift */,
				EE3E7D002063495600232E70 /* EnumCollectionProtocol.swift */,
				EE3E7CFF2063495600232E70 /* StackProtocol.swift */,
			);
			path = Protocols;
			sourceTree = "<group>";
		};
		EE3E7D0E20634B3200232E70 /* Helper */ = {
			isa = PBXGroup;
			children = (
				EE3E7D0B20634AF800232E70 /* CustomIterator.swift */,
			);
			path = Helper;
			sourceTree = "<group>";
		};
		EE3E7D1120634BCB00232E70 /* Extensions */ = {
			isa = PBXGroup;
			children = (
				EE3E7D0F20634BC200232E70 /* EnumCollection.swift */,
				EE3E7D1220634BEA00232E70 /* ArrayExtension.swift */,
			);
			path = Extensions;
			sourceTree = "<group>";
		};
		EE3E7D1420634C2D00232E70 /* Card */ = {
			isa = PBXGroup;
			children = (
				EEBF5923202191CC00093436 /* Card.swift */,
				EEB70FED203351C6004F4362 /* Color.swift */,
				EEBF5924202191CC00093436 /* Number.swift */,
				EEBF5926202191CC00093436 /* Shape.swift */,
			);
			path = Card;
			sourceTree = "<group>";
		};
		EE3E7D1520634C3B00232E70 /* Game */ = {
			isa = PBXGroup;
			children = (
				EE3E7D1620634D2D00232E70 /* Game.swift */,
				EEAA97C02063E91600A2C441 /* Foundations.swift */,
				EE3E7D1820634D3F00232E70 /* Foundation.swift */,
				EE3E7D1A20634D4600232E70 /* Spare.swift */,
				EEAA97C22063EE6E00A2C441 /* Tableaus.swift */,
				EE3E7D1C20634D5100232E70 /* Tableau.swift */,
				EEBF5922202191CC00093436 /* CardStack.swift */,
				EEBF5925202191CC00093436 /* Deck.swift */,
			);
			path = Game;
			sourceTree = "<group>";
		};
		EE460618205003C500DDEAE6 /* Supporting Files */ = {
			isa = PBXGroup;
			children = (
				EE22EDE4202044320084F399 /* Main.storyboard */,
				EE22EDE7202044320084F399 /* Assets.xcassets */,
				EE22EDE9202044320084F399 /* LaunchScreen.storyboard */,
			);
			path = "Supporting Files";
			sourceTree = "<group>";
		};
		EEBF591F202191CC00093436 /* Model */ = {
			isa = PBXGroup;
			children = (
				EE3E7D042063496100232E70 /* Protocols */,
				EE3E7D1120634BCB00232E70 /* Extensions */,
				EE3E7D1520634C3B00232E70 /* Game */,
				EE3E7D1420634C2D00232E70 /* Card */,
			);
			path = Model;
			sourceTree = "<group>";
		};
		EEE53A84202B4D750092939C /* ViewModel */ = {
			isa = PBXGroup;
			children = (
				EE04C2622031CF5000A3CD3F /* Protocols */,
				EE04C2662031D31100A3CD3F /* Enums */,
				EE04C2592031A60400A3CD3F /* GameViewModel.swift */,
				EE04C24B20319C9400A3CD3F /* SpareViewModel.swift */,
				EE04C24D20319CA400A3CD3F /* WasteViewModel.swift */,
				EE04C24F20319CB000A3CD3F /* FoundationViewModel.swift */,
				EE04C25120319CBD00A3CD3F /* TableauViewModel.swift */,
				EEE53A6C202AEF3F0092939C /* CardViewModel.swift */,
			);
			path = ViewModel;
			sourceTree = "<group>";
		};
/* End PBXGroup section */

/* Begin PBXNativeTarget section */
		EE22EDDC202044320084F399 /* CardGameApp */ = {
			isa = PBXNativeTarget;
			buildConfigurationList = EE22EDEF202044320084F399 /* Build configuration list for PBXNativeTarget "CardGameApp" */;
			buildPhases = (
				AD01656B32A46840D353F1F1 /* [CP] Check Pods Manifest.lock */,
				EE22EDD9202044320084F399 /* Sources */,
				EE22EDDA202044320084F399 /* Frameworks */,
				EE22EDDB202044320084F399 /* Resources */,
				B4B2C0F4A6CFEE132DCD28BD /* [CP] Embed Pods Frameworks */,
				2AB47048811CF6CE4D99E1E3 /* [CP] Copy Pods Resources */,
				EE9B398E20204EAD0034E250 /* ShellScript */,
			);
			buildRules = (
			);
			dependencies = (
			);
			name = CardGameApp;
			productName = CardGameApp;
			productReference = EE22EDDD202044320084F399 /* CardGameApp.app */;
			productType = "com.apple.product-type.application";
		};
/* End PBXNativeTarget section */

/* Begin PBXProject section */
		EE22EDD5202044320084F399 /* Project object */ = {
			isa = PBXProject;
			attributes = {
				LastSwiftUpdateCheck = 0920;
				LastUpgradeCheck = 0920;
				ORGANIZATIONNAME = "심 승민";
				TargetAttributes = {
					EE22EDDC202044320084F399 = {
						CreatedOnToolsVersion = 9.2;
						ProvisioningStyle = Automatic;
					};
				};
			};
			buildConfigurationList = EE22EDD8202044320084F399 /* Build configuration list for PBXProject "CardGameApp" */;
			compatibilityVersion = "Xcode 8.0";
			developmentRegion = en;
			hasScannedForEncodings = 0;
			knownRegions = (
				en,
				Base,
			);
			mainGroup = EE22EDD4202044320084F399;
			productRefGroup = EE22EDDE202044320084F399 /* Products */;
			projectDirPath = "";
			projectRoot = "";
			targets = (
				EE22EDDC202044320084F399 /* CardGameApp */,
			);
		};
/* End PBXProject section */

/* Begin PBXResourcesBuildPhase section */
		EE22EDDB202044320084F399 /* Resources */ = {
			isa = PBXResourcesBuildPhase;
			buildActionMask = 2147483647;
			files = (
				EE22EDEB202044320084F399 /* LaunchScreen.storyboard in Resources */,
				EE22EDE8202044320084F399 /* Assets.xcassets in Resources */,
				EE22EDE6202044320084F399 /* Main.storyboard in Resources */,
			);
			runOnlyForDeploymentPostprocessing = 0;
		};
/* End PBXResourcesBuildPhase section */

/* Begin PBXShellScriptBuildPhase section */
		2AB47048811CF6CE4D99E1E3 /* [CP] Copy Pods Resources */ = {
			isa = PBXShellScriptBuildPhase;
			buildActionMask = 2147483647;
			files = (
			);
			inputPaths = (
			);
			name = "[CP] Copy Pods Resources";
			outputPaths = (
			);
			runOnlyForDeploymentPostprocessing = 0;
			shellPath = /bin/sh;
			shellScript = "\"${SRCROOT}/Pods/Target Support Files/Pods-CardGameApp/Pods-CardGameApp-resources.sh\"\n";
			showEnvVarsInLog = 0;
		};
		AD01656B32A46840D353F1F1 /* [CP] Check Pods Manifest.lock */ = {
			isa = PBXShellScriptBuildPhase;
			buildActionMask = 2147483647;
			files = (
			);
			inputPaths = (
				"${PODS_PODFILE_DIR_PATH}/Podfile.lock",
				"${PODS_ROOT}/Manifest.lock",
			);
			name = "[CP] Check Pods Manifest.lock";
			outputPaths = (
				"$(DERIVED_FILE_DIR)/Pods-CardGameApp-checkManifestLockResult.txt",
			);
			runOnlyForDeploymentPostprocessing = 0;
			shellPath = /bin/sh;
			shellScript = "diff \"${PODS_PODFILE_DIR_PATH}/Podfile.lock\" \"${PODS_ROOT}/Manifest.lock\" > /dev/null\nif [ $? != 0 ] ; then\n    # print error to STDERR\n    echo \"error: The sandbox is not in sync with the Podfile.lock. Run 'pod install' or update your CocoaPods installation.\" >&2\n    exit 1\nfi\n# This output is used by Xcode 'outputs' to avoid re-running this script phase.\necho \"SUCCESS\" > \"${SCRIPT_OUTPUT_FILE_0}\"\n";
			showEnvVarsInLog = 0;
		};
		B4B2C0F4A6CFEE132DCD28BD /* [CP] Embed Pods Frameworks */ = {
			isa = PBXShellScriptBuildPhase;
			buildActionMask = 2147483647;
			files = (
			);
			inputPaths = (
			);
			name = "[CP] Embed Pods Frameworks";
			outputPaths = (
			);
			runOnlyForDeploymentPostprocessing = 0;
			shellPath = /bin/sh;
			shellScript = "\"${SRCROOT}/Pods/Target Support Files/Pods-CardGameApp/Pods-CardGameApp-frameworks.sh\"\n";
			showEnvVarsInLog = 0;
		};
		EE9B398E20204EAD0034E250 /* ShellScript */ = {
			isa = PBXShellScriptBuildPhase;
			buildActionMask = 2147483647;
			files = (
			);
			inputPaths = (
			);
			outputPaths = (
			);
			runOnlyForDeploymentPostprocessing = 0;
			shellPath = /bin/sh;
			shellScript = "${PODS_ROOT}/SwiftLint/swiftlint";
		};
/* End PBXShellScriptBuildPhase section */

/* Begin PBXSourcesBuildPhase section */
		EE22EDD9202044320084F399 /* Sources */ = {
			isa = PBXSourcesBuildPhase;
			buildActionMask = 2147483647;
			files = (
				EE04C25A2031A60400A3CD3F /* GameViewModel.swift in Sources */,
				EE19382C202CD2AD00CF62B5 /* Observable.swift in Sources */,
				EEBF5930202191CC00093436 /* Number.swift in Sources */,
				EE04C2682031D75D00A3CD3F /* GameViewController.swift in Sources */,
				EE04C25220319CBD00A3CD3F /* TableauViewModel.swift in Sources */,
				EE3E7D1020634BC200232E70 /* EnumCollection.swift in Sources */,
				EE3E7D1B20634D4600232E70 /* Spare.swift in Sources */,
				EEAA97C12063E91600A2C441 /* Foundations.swift in Sources */,
				EE3E7D1F20634E9B00232E70 /* CardStackPresentable.swift in Sources */,
				EE3E7D1D20634D5100232E70 /* Tableau.swift in Sources */,
				EEE53A6D202AEF3F0092939C /* CardViewModel.swift in Sources */,
				EE2AEA84203030A5000D0121 /* CardView.swift in Sources */,
				EE04C24E20319CA400A3CD3F /* WasteViewModel.swift in Sources */,
				EE3E7D1920634D3F00232E70 /* Foundation.swift in Sources */,
				EE04C24C20319C9400A3CD3F /* SpareViewModel.swift in Sources */,
				EE3E7D022063495600232E70 /* StackProtocol.swift in Sources */,
				EEBF592F202191CC00093436 /* Card.swift in Sources */,
				EEB70FEE203351C6004F4362 /* Color.swift in Sources */,
				EE04C2722031E63F00A3CD3F /* GameView.swift in Sources */,
				EE9AA9E72032183D00FBF2F1 /* CardViewActionDelegate.swift in Sources */,
				EE04C25420319D6100A3CD3F /* FaceState.swift in Sources */,
				EE04C2642031D19400A3CD3F /* CardPresentable.swift in Sources */,
				EE3E7D0C20634AF800232E70 /* CustomIterator.swift in Sources */,
				EEB70FF020335282004F4362 /* MovableCardView.swift in Sources */,
				EEBF592E202191CC00093436 /* CardStack.swift in Sources */,
				EE3E7D032063495600232E70 /* EnumCollectionProtocol.swift in Sources */,
				EEAA97C32063EE6E00A2C441 /* Tableaus.swift in Sources */,
				EE9AA9DD203200F200FBF2F1 /* BorderState.swift in Sources */,
				EE04C25020319CB000A3CD3F /* FoundationViewModel.swift in Sources */,
				EE3E7D1320634BEA00232E70 /* ArrayExtension.swift in Sources */,
				EE04C2582031A46D00A3CD3F /* Location.swift in Sources */,
				EEBF5932202191CC00093436 /* Shape.swift in Sources */,
				EE3E7D1720634D2D00232E70 /* Game.swift in Sources */,
				EE22EDE1202044320084F399 /* AppDelegate.swift in Sources */,
				EE3E7D2120634F0600232E70 /* EmptyView.swift in Sources */,
				EE04C2702031E08400A3CD3F /* ViewConfig.swift in Sources */,
				EEBF5931202191CC00093436 /* Deck.swift in Sources */,
				EE3E7D012063495600232E70 /* ComparableProtocol.swift in Sources */,
			);
			runOnlyForDeploymentPostprocessing = 0;
		};
/* End PBXSourcesBuildPhase section */

/* Begin PBXVariantGroup section */
		EE22EDE4202044320084F399 /* Main.storyboard */ = {
			isa = PBXVariantGroup;
			children = (
				EE22EDE5202044320084F399 /* Base */,
			);
			name = Main.storyboard;
			sourceTree = "<group>";
		};
		EE22EDE9202044320084F399 /* LaunchScreen.storyboard */ = {
			isa = PBXVariantGroup;
			children = (
				EE22EDEA202044320084F399 /* Base */,
			);
			name = LaunchScreen.storyboard;
			sourceTree = "<group>";
		};
/* End PBXVariantGroup section */

/* Begin XCBuildConfiguration section */
		EE22EDED202044320084F399 /* Debug */ = {
			isa = XCBuildConfiguration;
			buildSettings = {
				ALWAYS_SEARCH_USER_PATHS = NO;
				CLANG_ANALYZER_NONNULL = YES;
				CLANG_ANALYZER_NUMBER_OBJECT_CONVERSION = YES_AGGRESSIVE;
				CLANG_CXX_LANGUAGE_STANDARD = "gnu++14";
				CLANG_CXX_LIBRARY = "libc++";
				CLANG_ENABLE_MODULES = YES;
				CLANG_ENABLE_OBJC_ARC = YES;
				CLANG_WARN_BLOCK_CAPTURE_AUTORELEASING = YES;
				CLANG_WARN_BOOL_CONVERSION = YES;
				CLANG_WARN_COMMA = YES;
				CLANG_WARN_CONSTANT_CONVERSION = YES;
				CLANG_WARN_DIRECT_OBJC_ISA_USAGE = YES_ERROR;
				CLANG_WARN_DOCUMENTATION_COMMENTS = YES;
				CLANG_WARN_EMPTY_BODY = YES;
				CLANG_WARN_ENUM_CONVERSION = YES;
				CLANG_WARN_INFINITE_RECURSION = YES;
				CLANG_WARN_INT_CONVERSION = YES;
				CLANG_WARN_NON_LITERAL_NULL_CONVERSION = YES;
				CLANG_WARN_OBJC_LITERAL_CONVERSION = YES;
				CLANG_WARN_OBJC_ROOT_CLASS = YES_ERROR;
				CLANG_WARN_RANGE_LOOP_ANALYSIS = YES;
				CLANG_WARN_STRICT_PROTOTYPES = YES;
				CLANG_WARN_SUSPICIOUS_MOVE = YES;
				CLANG_WARN_UNGUARDED_AVAILABILITY = YES_AGGRESSIVE;
				CLANG_WARN_UNREACHABLE_CODE = YES;
				CLANG_WARN__DUPLICATE_METHOD_MATCH = YES;
				CODE_SIGN_IDENTITY = "iPhone Developer";
				COPY_PHASE_STRIP = NO;
				DEBUG_INFORMATION_FORMAT = dwarf;
				ENABLE_STRICT_OBJC_MSGSEND = YES;
				ENABLE_TESTABILITY = YES;
				GCC_C_LANGUAGE_STANDARD = gnu11;
				GCC_DYNAMIC_NO_PIC = NO;
				GCC_NO_COMMON_BLOCKS = YES;
				GCC_OPTIMIZATION_LEVEL = 0;
				GCC_PREPROCESSOR_DEFINITIONS = (
					"DEBUG=1",
					"$(inherited)",
				);
				GCC_WARN_64_TO_32_BIT_CONVERSION = YES;
				GCC_WARN_ABOUT_RETURN_TYPE = YES_ERROR;
				GCC_WARN_UNDECLARED_SELECTOR = YES;
				GCC_WARN_UNINITIALIZED_AUTOS = YES_AGGRESSIVE;
				GCC_WARN_UNUSED_FUNCTION = YES;
				GCC_WARN_UNUSED_VARIABLE = YES;
				IPHONEOS_DEPLOYMENT_TARGET = 11.2;
				MTL_ENABLE_DEBUG_INFO = YES;
				ONLY_ACTIVE_ARCH = YES;
				SDKROOT = iphoneos;
				SWIFT_ACTIVE_COMPILATION_CONDITIONS = DEBUG;
				SWIFT_OPTIMIZATION_LEVEL = "-Onone";
			};
			name = Debug;
		};
		EE22EDEE202044320084F399 /* Release */ = {
			isa = XCBuildConfiguration;
			buildSettings = {
				ALWAYS_SEARCH_USER_PATHS = NO;
				CLANG_ANALYZER_NONNULL = YES;
				CLANG_ANALYZER_NUMBER_OBJECT_CONVERSION = YES_AGGRESSIVE;
				CLANG_CXX_LANGUAGE_STANDARD = "gnu++14";
				CLANG_CXX_LIBRARY = "libc++";
				CLANG_ENABLE_MODULES = YES;
				CLANG_ENABLE_OBJC_ARC = YES;
				CLANG_WARN_BLOCK_CAPTURE_AUTORELEASING = YES;
				CLANG_WARN_BOOL_CONVERSION = YES;
				CLANG_WARN_COMMA = YES;
				CLANG_WARN_CONSTANT_CONVERSION = YES;
				CLANG_WARN_DIRECT_OBJC_ISA_USAGE = YES_ERROR;
				CLANG_WARN_DOCUMENTATION_COMMENTS = YES;
				CLANG_WARN_EMPTY_BODY = YES;
				CLANG_WARN_ENUM_CONVERSION = YES;
				CLANG_WARN_INFINITE_RECURSION = YES;
				CLANG_WARN_INT_CONVERSION = YES;
				CLANG_WARN_NON_LITERAL_NULL_CONVERSION = YES;
				CLANG_WARN_OBJC_LITERAL_CONVERSION = YES;
				CLANG_WARN_OBJC_ROOT_CLASS = YES_ERROR;
				CLANG_WARN_RANGE_LOOP_ANALYSIS = YES;
				CLANG_WARN_STRICT_PROTOTYPES = YES;
				CLANG_WARN_SUSPICIOUS_MOVE = YES;
				CLANG_WARN_UNGUARDED_AVAILABILITY = YES_AGGRESSIVE;
				CLANG_WARN_UNREACHABLE_CODE = YES;
				CLANG_WARN__DUPLICATE_METHOD_MATCH = YES;
				CODE_SIGN_IDENTITY = "iPhone Developer";
				COPY_PHASE_STRIP = NO;
				DEBUG_INFORMATION_FORMAT = "dwarf-with-dsym";
				ENABLE_NS_ASSERTIONS = NO;
				ENABLE_STRICT_OBJC_MSGSEND = YES;
				GCC_C_LANGUAGE_STANDARD = gnu11;
				GCC_NO_COMMON_BLOCKS = YES;
				GCC_WARN_64_TO_32_BIT_CONVERSION = YES;
				GCC_WARN_ABOUT_RETURN_TYPE = YES_ERROR;
				GCC_WARN_UNDECLARED_SELECTOR = YES;
				GCC_WARN_UNINITIALIZED_AUTOS = YES_AGGRESSIVE;
				GCC_WARN_UNUSED_FUNCTION = YES;
				GCC_WARN_UNUSED_VARIABLE = YES;
				IPHONEOS_DEPLOYMENT_TARGET = 11.2;
				MTL_ENABLE_DEBUG_INFO = NO;
				SDKROOT = iphoneos;
				SWIFT_OPTIMIZATION_LEVEL = "-Owholemodule";
				VALIDATE_PRODUCT = YES;
			};
			name = Release;
		};
		EE22EDF0202044320084F399 /* Debug */ = {
			isa = XCBuildConfiguration;
			baseConfigurationReference = BB9251F6AE3DE76A79FEC5F3 /* Pods-CardGameApp.debug.xcconfig */;
			buildSettings = {
				ASSETCATALOG_COMPILER_APPICON_NAME = AppIcon;
				CODE_SIGN_STYLE = Automatic;
				DEVELOPMENT_TEAM = B3PWYBKFUK;
				INFOPLIST_FILE = CardGameApp/Info.plist;
				LD_RUNPATH_SEARCH_PATHS = "$(inherited) @executable_path/Frameworks";
				PRODUCT_BUNDLE_IDENTIFIER = undervineg.ios.school.CardGameApp;
				PRODUCT_NAME = "$(TARGET_NAME)";
				SWIFT_VERSION = 4.0;
				TARGETED_DEVICE_FAMILY = "1,2";
			};
			name = Debug;
		};
		EE22EDF1202044320084F399 /* Release */ = {
			isa = XCBuildConfiguration;
			baseConfigurationReference = 99659751889EF03B67E57840 /* Pods-CardGameApp.release.xcconfig */;
			buildSettings = {
				ASSETCATALOG_COMPILER_APPICON_NAME = AppIcon;
				CODE_SIGN_STYLE = Automatic;
				DEVELOPMENT_TEAM = B3PWYBKFUK;
				INFOPLIST_FILE = CardGameApp/Info.plist;
				LD_RUNPATH_SEARCH_PATHS = "$(inherited) @executable_path/Frameworks";
				PRODUCT_BUNDLE_IDENTIFIER = undervineg.ios.school.CardGameApp;
				PRODUCT_NAME = "$(TARGET_NAME)";
				SWIFT_VERSION = 4.0;
				TARGETED_DEVICE_FAMILY = "1,2";
			};
			name = Release;
		};
/* End XCBuildConfiguration section */

/* Begin XCConfigurationList section */
		EE22EDD8202044320084F399 /* Build configuration list for PBXProject "CardGameApp" */ = {
			isa = XCConfigurationList;
			buildConfigurations = (
				EE22EDED202044320084F399 /* Debug */,
				EE22EDEE202044320084F399 /* Release */,
			);
			defaultConfigurationIsVisible = 0;
			defaultConfigurationName = Release;
		};
		EE22EDEF202044320084F399 /* Build configuration list for PBXNativeTarget "CardGameApp" */ = {
			isa = XCConfigurationList;
			buildConfigurations = (
				EE22EDF0202044320084F399 /* Debug */,
				EE22EDF1202044320084F399 /* Release */,
			);
			defaultConfigurationIsVisible = 0;
			defaultConfigurationName = Release;
		};
/* End XCConfigurationList section */
	};
	rootObject = EE22EDD5202044320084F399 /* Project object */;
}
