// !$*UTF8*$!
{
	archiveVersion = 1;
	classes = {
	};
	objectVersion = 48;
	objects = {

/* Begin PBXBuildFile section */
		9BD2B6EF65781B28319A90B4 /* Pods_CardGameApp.framework in Frameworks */ = {isa = PBXBuildFile; fileRef = 0B5C6DFF9202C3E5ACB7A32F /* Pods_CardGameApp.framework */; };
		EE22EDE1202044320084F399 /* AppDelegate.swift in Sources */ = {isa = PBXBuildFile; fileRef = EE22EDE0202044320084F399 /* AppDelegate.swift */; };
		EE22EDE3202044320084F399 /* ViewController.swift in Sources */ = {isa = PBXBuildFile; fileRef = EE22EDE2202044320084F399 /* ViewController.swift */; };
		EE22EDE6202044320084F399 /* Main.storyboard in Resources */ = {isa = PBXBuildFile; fileRef = EE22EDE4202044320084F399 /* Main.storyboard */; };
		EE22EDE8202044320084F399 /* Assets.xcassets in Resources */ = {isa = PBXBuildFile; fileRef = EE22EDE7202044320084F399 /* Assets.xcassets */; };
		EE22EDEB202044320084F399 /* LaunchScreen.storyboard in Resources */ = {isa = PBXBuildFile; fileRef = EE22EDE9202044320084F399 /* LaunchScreen.storyboard */; };
		EEBF5929202191CC00093436 /* ArrayExtension.swift in Sources */ = {isa = PBXBuildFile; fileRef = EEBF591C202191CC00093436 /* ArrayExtension.swift */; };
		EEBF592A202191CC00093436 /* EnumCollectionProtocol.swift in Sources */ = {isa = PBXBuildFile; fileRef = EEBF591D202191CC00093436 /* EnumCollectionProtocol.swift */; };
		EEBF592B202191CC00093436 /* CustomIterator.swift in Sources */ = {isa = PBXBuildFile; fileRef = EEBF591E202191CC00093436 /* CustomIterator.swift */; };
		EEBF592C202191CC00093436 /* Dealer.swift in Sources */ = {isa = PBXBuildFile; fileRef = EEBF5920202191CC00093436 /* Dealer.swift */; };
		EEBF592D202191CC00093436 /* PokerHands.swift in Sources */ = {isa = PBXBuildFile; fileRef = EEBF5921202191CC00093436 /* PokerHands.swift */; };
		EEBF592E202191CC00093436 /* CardStack.swift in Sources */ = {isa = PBXBuildFile; fileRef = EEBF5922202191CC00093436 /* CardStack.swift */; };
		EEBF592F202191CC00093436 /* Card.swift in Sources */ = {isa = PBXBuildFile; fileRef = EEBF5923202191CC00093436 /* Card.swift */; };
		EEBF5930202191CC00093436 /* Number.swift in Sources */ = {isa = PBXBuildFile; fileRef = EEBF5924202191CC00093436 /* Number.swift */; };
		EEBF5931202191CC00093436 /* Deck.swift in Sources */ = {isa = PBXBuildFile; fileRef = EEBF5925202191CC00093436 /* Deck.swift */; };
		EEBF5932202191CC00093436 /* Shape.swift in Sources */ = {isa = PBXBuildFile; fileRef = EEBF5926202191CC00093436 /* Shape.swift */; };
		EEBF5933202191CC00093436 /* StudPokerGame.swift in Sources */ = {isa = PBXBuildFile; fileRef = EEBF5927202191CC00093436 /* StudPokerGame.swift */; };
		EEBF5934202191CC00093436 /* Player.swift in Sources */ = {isa = PBXBuildFile; fileRef = EEBF5928202191CC00093436 /* Player.swift */; };
		EEBF59362021995700093436 /* CardView.swift in Sources */ = {isa = PBXBuildFile; fileRef = EEBF59352021995700093436 /* CardView.swift */; };
		EEBF59392021A10500093436 /* DictionaryExtension.swift in Sources */ = {isa = PBXBuildFile; fileRef = EEBF59382021A10500093436 /* DictionaryExtension.swift */; };
		EEBF593C2021A13700093436 /* EnumCollectionExtension.swift in Sources */ = {isa = PBXBuildFile; fileRef = EEBF593B2021A13700093436 /* EnumCollectionExtension.swift */; };
		EEBF593E2021A16600093436 /* StackProtocol.swift in Sources */ = {isa = PBXBuildFile; fileRef = EEBF593D2021A16600093436 /* StackProtocol.swift */; };
		EEBF59402021A19300093436 /* PokerScoreableProtocol.swift in Sources */ = {isa = PBXBuildFile; fileRef = EEBF593F2021A19300093436 /* PokerScoreableProtocol.swift */; };
		EEBF59422021A1B000093436 /* CardGamePlayerProtocol.swift in Sources */ = {isa = PBXBuildFile; fileRef = EEBF59412021A1B000093436 /* CardGamePlayerProtocol.swift */; };
		EEBF59442021A1C200093436 /* ComparableProtocol.swift in Sources */ = {isa = PBXBuildFile; fileRef = EEBF59432021A1C200093436 /* ComparableProtocol.swift */; };
/* End PBXBuildFile section */

/* Begin PBXFileReference section */
		0B5C6DFF9202C3E5ACB7A32F /* Pods_CardGameApp.framework */ = {isa = PBXFileReference; explicitFileType = wrapper.framework; includeInIndex = 0; path = Pods_CardGameApp.framework; sourceTree = BUILT_PRODUCTS_DIR; };
		99659751889EF03B67E57840 /* Pods-CardGameApp.release.xcconfig */ = {isa = PBXFileReference; includeInIndex = 1; lastKnownFileType = text.xcconfig; name = "Pods-CardGameApp.release.xcconfig"; path = "Pods/Target Support Files/Pods-CardGameApp/Pods-CardGameApp.release.xcconfig"; sourceTree = "<group>"; };
		BB9251F6AE3DE76A79FEC5F3 /* Pods-CardGameApp.debug.xcconfig */ = {isa = PBXFileReference; includeInIndex = 1; lastKnownFileType = text.xcconfig; name = "Pods-CardGameApp.debug.xcconfig"; path = "Pods/Target Support Files/Pods-CardGameApp/Pods-CardGameApp.debug.xcconfig"; sourceTree = "<group>"; };
		EE22EDDD202044320084F399 /* CardGameApp.app */ = {isa = PBXFileReference; explicitFileType = wrapper.application; includeInIndex = 0; path = CardGameApp.app; sourceTree = BUILT_PRODUCTS_DIR; };
		EE22EDE0202044320084F399 /* AppDelegate.swift */ = {isa = PBXFileReference; lastKnownFileType = sourcecode.swift; path = AppDelegate.swift; sourceTree = "<group>"; };
		EE22EDE2202044320084F399 /* ViewController.swift */ = {isa = PBXFileReference; lastKnownFileType = sourcecode.swift; path = ViewController.swift; sourceTree = "<group>"; };
		EE22EDE5202044320084F399 /* Base */ = {isa = PBXFileReference; lastKnownFileType = file.storyboard; name = Base; path = Base.lproj/Main.storyboard; sourceTree = "<group>"; };
		EE22EDE7202044320084F399 /* Assets.xcassets */ = {isa = PBXFileReference; lastKnownFileType = folder.assetcatalog; path = Assets.xcassets; sourceTree = "<group>"; };
		EE22EDEA202044320084F399 /* Base */ = {isa = PBXFileReference; lastKnownFileType = file.storyboard; name = Base; path = Base.lproj/LaunchScreen.storyboard; sourceTree = "<group>"; };
		EE22EDEC202044320084F399 /* Info.plist */ = {isa = PBXFileReference; lastKnownFileType = text.plist.xml; path = Info.plist; sourceTree = "<group>"; };
		EEBF591C202191CC00093436 /* ArrayExtension.swift */ = {isa = PBXFileReference; fileEncoding = 4; lastKnownFileType = sourcecode.swift; path = ArrayExtension.swift; sourceTree = "<group>"; };
		EEBF591D202191CC00093436 /* EnumCollectionProtocol.swift */ = {isa = PBXFileReference; fileEncoding = 4; lastKnownFileType = sourcecode.swift; path = EnumCollectionProtocol.swift; sourceTree = "<group>"; };
		EEBF591E202191CC00093436 /* CustomIterator.swift */ = {isa = PBXFileReference; fileEncoding = 4; lastKnownFileType = sourcecode.swift; path = CustomIterator.swift; sourceTree = "<group>"; };
		EEBF5920202191CC00093436 /* Dealer.swift */ = {isa = PBXFileReference; fileEncoding = 4; lastKnownFileType = sourcecode.swift; path = Dealer.swift; sourceTree = "<group>"; };
		EEBF5921202191CC00093436 /* PokerHands.swift */ = {isa = PBXFileReference; fileEncoding = 4; lastKnownFileType = sourcecode.swift; path = PokerHands.swift; sourceTree = "<group>"; };
		EEBF5922202191CC00093436 /* CardStack.swift */ = {isa = PBXFileReference; fileEncoding = 4; lastKnownFileType = sourcecode.swift; path = CardStack.swift; sourceTree = "<group>"; };
		EEBF5923202191CC00093436 /* Card.swift */ = {isa = PBXFileReference; fileEncoding = 4; lastKnownFileType = sourcecode.swift; path = Card.swift; sourceTree = "<group>"; };
		EEBF5924202191CC00093436 /* Number.swift */ = {isa = PBXFileReference; fileEncoding = 4; lastKnownFileType = sourcecode.swift; path = Number.swift; sourceTree = "<group>"; };
		EEBF5925202191CC00093436 /* Deck.swift */ = {isa = PBXFileReference; fileEncoding = 4; lastKnownFileType = sourcecode.swift; path = Deck.swift; sourceTree = "<group>"; };
		EEBF5926202191CC00093436 /* Shape.swift */ = {isa = PBXFileReference; fileEncoding = 4; lastKnownFileType = sourcecode.swift; path = Shape.swift; sourceTree = "<group>"; };
		EEBF5927202191CC00093436 /* StudPokerGame.swift */ = {isa = PBXFileReference; fileEncoding = 4; lastKnownFileType = sourcecode.swift; path = StudPokerGame.swift; sourceTree = "<group>"; };
		EEBF5928202191CC00093436 /* Player.swift */ = {isa = PBXFileReference; fileEncoding = 4; lastKnownFileType = sourcecode.swift; path = Player.swift; sourceTree = "<group>"; };
		EEBF59352021995700093436 /* CardView.swift */ = {isa = PBXFileReference; lastKnownFileType = sourcecode.swift; path = CardView.swift; sourceTree = "<group>"; };
		EEBF59382021A10500093436 /* DictionaryExtension.swift */ = {isa = PBXFileReference; lastKnownFileType = sourcecode.swift; path = DictionaryExtension.swift; sourceTree = "<group>"; };
		EEBF593B2021A13700093436 /* EnumCollectionExtension.swift */ = {isa = PBXFileReference; lastKnownFileType = sourcecode.swift; path = EnumCollectionExtension.swift; sourceTree = "<group>"; };
		EEBF593D2021A16600093436 /* StackProtocol.swift */ = {isa = PBXFileReference; lastKnownFileType = sourcecode.swift; path = StackProtocol.swift; sourceTree = "<group>"; };
		EEBF593F2021A19300093436 /* PokerScoreableProtocol.swift */ = {isa = PBXFileReference; lastKnownFileType = sourcecode.swift; path = PokerScoreableProtocol.swift; sourceTree = "<group>"; };
		EEBF59412021A1B000093436 /* CardGamePlayerProtocol.swift */ = {isa = PBXFileReference; lastKnownFileType = sourcecode.swift; path = CardGamePlayerProtocol.swift; sourceTree = "<group>"; };
		EEBF59432021A1C200093436 /* ComparableProtocol.swift */ = {isa = PBXFileReference; lastKnownFileType = sourcecode.swift; path = ComparableProtocol.swift; sourceTree = "<group>"; };
/* End PBXFileReference section */

/* Begin PBXFrameworksBuildPhase section */
		EE22EDDA202044320084F399 /* Frameworks */ = {
			isa = PBXFrameworksBuildPhase;
			buildActionMask = 2147483647;
			files = (
				9BD2B6EF65781B28319A90B4 /* Pods_CardGameApp.framework in Frameworks */,
			);
			runOnlyForDeploymentPostprocessing = 0;
		};
/* End PBXFrameworksBuildPhase section */

/* Begin PBXGroup section */
		92FBEA6AA31BC3C6B9CD643F /* Frameworks */ = {
			isa = PBXGroup;
			children = (
				0B5C6DFF9202C3E5ACB7A32F /* Pods_CardGameApp.framework */,
			);
			name = Frameworks;
			sourceTree = "<group>";
		};
		A078B3B839EEEDA8C9975AEC /* Pods */ = {
			isa = PBXGroup;
			children = (
				BB9251F6AE3DE76A79FEC5F3 /* Pods-CardGameApp.debug.xcconfig */,
				99659751889EF03B67E57840 /* Pods-CardGameApp.release.xcconfig */,
			);
			name = Pods;
			sourceTree = "<group>";
		};
		EE22EDD4202044320084F399 = {
			isa = PBXGroup;
			children = (
				EE22EDDF202044320084F399 /* CardGameApp */,
				EE22EDDE202044320084F399 /* Products */,
				A078B3B839EEEDA8C9975AEC /* Pods */,
				92FBEA6AA31BC3C6B9CD643F /* Frameworks */,
			);
			sourceTree = "<group>";
		};
		EE22EDDE202044320084F399 /* Products */ = {
			isa = PBXGroup;
			children = (
				EE22EDDD202044320084F399 /* CardGameApp.app */,
			);
			name = Products;
			sourceTree = "<group>";
		};
		EE22EDDF202044320084F399 /* CardGameApp */ = {
			isa = PBXGroup;
			children = (
				EE22EDE0202044320084F399 /* AppDelegate.swift */,
				EE22EDE2202044320084F399 /* ViewController.swift */,
				EEBF59352021995700093436 /* CardView.swift */,
				EEBF591F202191CC00093436 /* Game */,
				EEBF591B202191CC00093436 /* Utilities */,
				EE22EDE4202044320084F399 /* Main.storyboard */,
				EE22EDE7202044320084F399 /* Assets.xcassets */,
				EE22EDE9202044320084F399 /* LaunchScreen.storyboard */,
				EE22EDEC202044320084F399 /* Info.plist */,
			);
			path = CardGameApp;
			sourceTree = "<group>";
		};
		EEBF591B202191CC00093436 /* Utilities */ = {
			isa = PBXGroup;
			children = (
				EEBF59372021A0DD00093436 /* Extensions */,
				EEBF593A2021A11000093436 /* Protocols */,
				EEBF591E202191CC00093436 /* CustomIterator.swift */,
			);
			path = Utilities;
			sourceTree = "<group>";
		};
		EEBF591F202191CC00093436 /* Game */ = {
			isa = PBXGroup;
			children = (
				EEBF5927202191CC00093436 /* StudPokerGame.swift */,
				EEBF5925202191CC00093436 /* Deck.swift */,
				EEBF5921202191CC00093436 /* PokerHands.swift */,
				EEBF5920202191CC00093436 /* Dealer.swift */,
				EEBF5928202191CC00093436 /* Player.swift */,
				EEBF5922202191CC00093436 /* CardStack.swift */,
				EEBF5923202191CC00093436 /* Card.swift */,
				EEBF5924202191CC00093436 /* Number.swift */,
				EEBF5926202191CC00093436 /* Shape.swift */,
			);
			path = Game;
			sourceTree = "<group>";
		};
		EEBF59372021A0DD00093436 /* Extensions */ = {
			isa = PBXGroup;
			children = (
				EEBF591C202191CC00093436 /* ArrayExtension.swift */,
				EEBF59382021A10500093436 /* DictionaryExtension.swift */,
				EEBF593B2021A13700093436 /* EnumCollectionExtension.swift */,
			);
			name = Extensions;
			sourceTree = "<group>";
		};
		EEBF593A2021A11000093436 /* Protocols */ = {
			isa = PBXGroup;
			children = (
				EEBF591D202191CC00093436 /* EnumCollectionProtocol.swift */,
				EEBF593D2021A16600093436 /* StackProtocol.swift */,
				EEBF593F2021A19300093436 /* PokerScoreableProtocol.swift */,
				EEBF59412021A1B000093436 /* CardGamePlayerProtocol.swift */,
				EEBF59432021A1C200093436 /* ComparableProtocol.swift */,
			);
			name = Protocols;
			sourceTree = "<group>";
		};
/* End PBXGroup section */

/* Begin PBXNativeTarget section */
		EE22EDDC202044320084F399 /* CardGameApp */ = {
			isa = PBXNativeTarget;
			buildConfigurationList = EE22EDEF202044320084F399 /* Build configuration list for PBXNativeTarget "CardGameApp" */;
			buildPhases = (
				AD01656B32A46840D353F1F1 /* [CP] Check Pods Manifest.lock */,
				EE22EDD9202044320084F399 /* Sources */,
				EE22EDDA202044320084F399 /* Frameworks */,
				EE22EDDB202044320084F399 /* Resources */,
				B4B2C0F4A6CFEE132DCD28BD /* [CP] Embed Pods Frameworks */,
				2AB47048811CF6CE4D99E1E3 /* [CP] Copy Pods Resources */,
				EE9B398E20204EAD0034E250 /* ShellScript */,
			);
			buildRules = (
			);
			dependencies = (
			);
			name = CardGameApp;
			productName = CardGameApp;
			productReference = EE22EDDD202044320084F399 /* CardGameApp.app */;
			productType = "com.apple.product-type.application";
		};
/* End PBXNativeTarget section */

/* Begin PBXProject section */
		EE22EDD5202044320084F399 /* Project object */ = {
			isa = PBXProject;
			attributes = {
				LastSwiftUpdateCheck = 0920;
				LastUpgradeCheck = 0920;
				ORGANIZATIONNAME = "심 승민";
				TargetAttributes = {
					EE22EDDC202044320084F399 = {
						CreatedOnToolsVersion = 9.2;
						ProvisioningStyle = Automatic;
					};
				};
			};
			buildConfigurationList = EE22EDD8202044320084F399 /* Build configuration list for PBXProject "CardGameApp" */;
			compatibilityVersion = "Xcode 8.0";
			developmentRegion = en;
			hasScannedForEncodings = 0;
			knownRegions = (
				en,
				Base,
			);
			mainGroup = EE22EDD4202044320084F399;
			productRefGroup = EE22EDDE202044320084F399 /* Products */;
			projectDirPath = "";
			projectRoot = "";
			targets = (
				EE22EDDC202044320084F399 /* CardGameApp */,
			);
		};
/* End PBXProject section */

/* Begin PBXResourcesBuildPhase section */
		EE22EDDB202044320084F399 /* Resources */ = {
			isa = PBXResourcesBuildPhase;
			buildActionMask = 2147483647;
			files = (
				EE22EDEB202044320084F399 /* LaunchScreen.storyboard in Resources */,
				EE22EDE8202044320084F399 /* Assets.xcassets in Resources */,
				EE22EDE6202044320084F399 /* Main.storyboard in Resources */,
			);
			runOnlyForDeploymentPostprocessing = 0;
		};
/* End PBXResourcesBuildPhase section */

/* Begin PBXShellScriptBuildPhase section */
		2AB47048811CF6CE4D99E1E3 /* [CP] Copy Pods Resources */ = {
			isa = PBXShellScriptBuildPhase;
			buildActionMask = 2147483647;
			files = (
			);
			inputPaths = (
			);
			name = "[CP] Copy Pods Resources";
			outputPaths = (
			);
			runOnlyForDeploymentPostprocessing = 0;
			shellPath = /bin/sh;
			shellScript = "\"${SRCROOT}/Pods/Target Support Files/Pods-CardGameApp/Pods-CardGameApp-resources.sh\"\n";
			showEnvVarsInLog = 0;
		};
		AD01656B32A46840D353F1F1 /* [CP] Check Pods Manifest.lock */ = {
			isa = PBXShellScriptBuildPhase;
			buildActionMask = 2147483647;
			files = (
			);
			inputPaths = (
				"${PODS_PODFILE_DIR_PATH}/Podfile.lock",
				"${PODS_ROOT}/Manifest.lock",
			);
			name = "[CP] Check Pods Manifest.lock";
			outputPaths = (
				"$(DERIVED_FILE_DIR)/Pods-CardGameApp-checkManifestLockResult.txt",
			);
			runOnlyForDeploymentPostprocessing = 0;
			shellPath = /bin/sh;
			shellScript = "diff \"${PODS_PODFILE_DIR_PATH}/Podfile.lock\" \"${PODS_ROOT}/Manifest.lock\" > /dev/null\nif [ $? != 0 ] ; then\n    # print error to STDERR\n    echo \"error: The sandbox is not in sync with the Podfile.lock. Run 'pod install' or update your CocoaPods installation.\" >&2\n    exit 1\nfi\n# This output is used by Xcode 'outputs' to avoid re-running this script phase.\necho \"SUCCESS\" > \"${SCRIPT_OUTPUT_FILE_0}\"\n";
			showEnvVarsInLog = 0;
		};
		B4B2C0F4A6CFEE132DCD28BD /* [CP] Embed Pods Frameworks */ = {
			isa = PBXShellScriptBuildPhase;
			buildActionMask = 2147483647;
			files = (
			);
			inputPaths = (
			);
			name = "[CP] Embed Pods Frameworks";
			outputPaths = (
			);
			runOnlyForDeploymentPostprocessing = 0;
			shellPath = /bin/sh;
			shellScript = "\"${SRCROOT}/Pods/Target Support Files/Pods-CardGameApp/Pods-CardGameApp-frameworks.sh\"\n";
			showEnvVarsInLog = 0;
		};
		EE9B398E20204EAD0034E250 /* ShellScript */ = {
			isa = PBXShellScriptBuildPhase;
			buildActionMask = 2147483647;
			files = (
			);
			inputPaths = (
			);
			outputPaths = (
			);
			runOnlyForDeploymentPostprocessing = 0;
			shellPath = /bin/sh;
			shellScript = "${PODS_ROOT}/SwiftLint/swiftlint";
		};
/* End PBXShellScriptBuildPhase section */

/* Begin PBXSourcesBuildPhase section */
		EE22EDD9202044320084F399 /* Sources */ = {
			isa = PBXSourcesBuildPhase;
			buildActionMask = 2147483647;
			files = (
				EEBF593C2021A13700093436 /* EnumCollectionExtension.swift in Sources */,
				EEBF5930202191CC00093436 /* Number.swift in Sources */,
				EE22EDE3202044320084F399 /* ViewController.swift in Sources */,
				EEBF592F202191CC00093436 /* Card.swift in Sources */,
				EEBF592B202191CC00093436 /* CustomIterator.swift in Sources */,
				EEBF59362021995700093436 /* CardView.swift in Sources */,
				EEBF5934202191CC00093436 /* Player.swift in Sources */,
				EEBF592E202191CC00093436 /* CardStack.swift in Sources */,
				EEBF59392021A10500093436 /* DictionaryExtension.swift in Sources */,
				EEBF59442021A1C200093436 /* ComparableProtocol.swift in Sources */,
				EEBF592C202191CC00093436 /* Dealer.swift in Sources */,
				EEBF593E2021A16600093436 /* StackProtocol.swift in Sources */,
				EEBF5929202191CC00093436 /* ArrayExtension.swift in Sources */,
				EEBF59422021A1B000093436 /* CardGamePlayerProtocol.swift in Sources */,
				EEBF59402021A19300093436 /* PokerScoreableProtocol.swift in Sources */,
				EEBF5933202191CC00093436 /* StudPokerGame.swift in Sources */,
				EEBF5932202191CC00093436 /* Shape.swift in Sources */,
				EE22EDE1202044320084F399 /* AppDelegate.swift in Sources */,
				EEBF592A202191CC00093436 /* EnumCollectionProtocol.swift in Sources */,
				EEBF5931202191CC00093436 /* Deck.swift in Sources */,
				EEBF592D202191CC00093436 /* PokerHands.swift in Sources */,
			);
			runOnlyForDeploymentPostprocessing = 0;
		};
/* End PBXSourcesBuildPhase section */

/* Begin PBXVariantGroup section */
		EE22EDE4202044320084F399 /* Main.storyboard */ = {
			isa = PBXVariantGroup;
			children = (
				EE22EDE5202044320084F399 /* Base */,
			);
			name = Main.storyboard;
			sourceTree = "<group>";
		};
		EE22EDE9202044320084F399 /* LaunchScreen.storyboard */ = {
			isa = PBXVariantGroup;
			children = (
				EE22EDEA202044320084F399 /* Base */,
			);
			name = LaunchScreen.storyboard;
			sourceTree = "<group>";
		};
/* End PBXVariantGroup section */

/* Begin XCBuildConfiguration section */
		EE22EDED202044320084F399 /* Debug */ = {
			isa = XCBuildConfiguration;
			buildSettings = {
				ALWAYS_SEARCH_USER_PATHS = NO;
				CLANG_ANALYZER_NONNULL = YES;
				CLANG_ANALYZER_NUMBER_OBJECT_CONVERSION = YES_AGGRESSIVE;
				CLANG_CXX_LANGUAGE_STANDARD = "gnu++14";
				CLANG_CXX_LIBRARY = "libc++";
				CLANG_ENABLE_MODULES = YES;
				CLANG_ENABLE_OBJC_ARC = YES;
				CLANG_WARN_BLOCK_CAPTURE_AUTORELEASING = YES;
				CLANG_WARN_BOOL_CONVERSION = YES;
				CLANG_WARN_COMMA = YES;
				CLANG_WARN_CONSTANT_CONVERSION = YES;
				CLANG_WARN_DIRECT_OBJC_ISA_USAGE = YES_ERROR;
				CLANG_WARN_DOCUMENTATION_COMMENTS = YES;
				CLANG_WARN_EMPTY_BODY = YES;
				CLANG_WARN_ENUM_CONVERSION = YES;
				CLANG_WARN_INFINITE_RECURSION = YES;
				CLANG_WARN_INT_CONVERSION = YES;
				CLANG_WARN_NON_LITERAL_NULL_CONVERSION = YES;
				CLANG_WARN_OBJC_LITERAL_CONVERSION = YES;
				CLANG_WARN_OBJC_ROOT_CLASS = YES_ERROR;
				CLANG_WARN_RANGE_LOOP_ANALYSIS = YES;
				CLANG_WARN_STRICT_PROTOTYPES = YES;
				CLANG_WARN_SUSPICIOUS_MOVE = YES;
				CLANG_WARN_UNGUARDED_AVAILABILITY = YES_AGGRESSIVE;
				CLANG_WARN_UNREACHABLE_CODE = YES;
				CLANG_WARN__DUPLICATE_METHOD_MATCH = YES;
				CODE_SIGN_IDENTITY = "iPhone Developer";
				COPY_PHASE_STRIP = NO;
				DEBUG_INFORMATION_FORMAT = dwarf;
				ENABLE_STRICT_OBJC_MSGSEND = YES;
				ENABLE_TESTABILITY = YES;
				GCC_C_LANGUAGE_STANDARD = gnu11;
				GCC_DYNAMIC_NO_PIC = NO;
				GCC_NO_COMMON_BLOCKS = YES;
				GCC_OPTIMIZATION_LEVEL = 0;
				GCC_PREPROCESSOR_DEFINITIONS = (
					"DEBUG=1",
					"$(inherited)",
				);
				GCC_WARN_64_TO_32_BIT_CONVERSION = YES;
				GCC_WARN_ABOUT_RETURN_TYPE = YES_ERROR;
				GCC_WARN_UNDECLARED_SELECTOR = YES;
				GCC_WARN_UNINITIALIZED_AUTOS = YES_AGGRESSIVE;
				GCC_WARN_UNUSED_FUNCTION = YES;
				GCC_WARN_UNUSED_VARIABLE = YES;
				IPHONEOS_DEPLOYMENT_TARGET = 11.2;
				MTL_ENABLE_DEBUG_INFO = YES;
				ONLY_ACTIVE_ARCH = YES;
				SDKROOT = iphoneos;
				SWIFT_ACTIVE_COMPILATION_CONDITIONS = DEBUG;
				SWIFT_OPTIMIZATION_LEVEL = "-Onone";
			};
			name = Debug;
		};
		EE22EDEE202044320084F399 /* Release */ = {
			isa = XCBuildConfiguration;
			buildSettings = {
				ALWAYS_SEARCH_USER_PATHS = NO;
				CLANG_ANALYZER_NONNULL = YES;
				CLANG_ANALYZER_NUMBER_OBJECT_CONVERSION = YES_AGGRESSIVE;
				CLANG_CXX_LANGUAGE_STANDARD = "gnu++14";
				CLANG_CXX_LIBRARY = "libc++";
				CLANG_ENABLE_MODULES = YES;
				CLANG_ENABLE_OBJC_ARC = YES;
				CLANG_WARN_BLOCK_CAPTURE_AUTORELEASING = YES;
				CLANG_WARN_BOOL_CONVERSION = YES;
				CLANG_WARN_COMMA = YES;
				CLANG_WARN_CONSTANT_CONVERSION = YES;
				CLANG_WARN_DIRECT_OBJC_ISA_USAGE = YES_ERROR;
				CLANG_WARN_DOCUMENTATION_COMMENTS = YES;
				CLANG_WARN_EMPTY_BODY = YES;
				CLANG_WARN_ENUM_CONVERSION = YES;
				CLANG_WARN_INFINITE_RECURSION = YES;
				CLANG_WARN_INT_CONVERSION = YES;
				CLANG_WARN_NON_LITERAL_NULL_CONVERSION = YES;
				CLANG_WARN_OBJC_LITERAL_CONVERSION = YES;
				CLANG_WARN_OBJC_ROOT_CLASS = YES_ERROR;
				CLANG_WARN_RANGE_LOOP_ANALYSIS = YES;
				CLANG_WARN_STRICT_PROTOTYPES = YES;
				CLANG_WARN_SUSPICIOUS_MOVE = YES;
				CLANG_WARN_UNGUARDED_AVAILABILITY = YES_AGGRESSIVE;
				CLANG_WARN_UNREACHABLE_CODE = YES;
				CLANG_WARN__DUPLICATE_METHOD_MATCH = YES;
				CODE_SIGN_IDENTITY = "iPhone Developer";
				COPY_PHASE_STRIP = NO;
				DEBUG_INFORMATION_FORMAT = "dwarf-with-dsym";
				ENABLE_NS_ASSERTIONS = NO;
				ENABLE_STRICT_OBJC_MSGSEND = YES;
				GCC_C_LANGUAGE_STANDARD = gnu11;
				GCC_NO_COMMON_BLOCKS = YES;
				GCC_WARN_64_TO_32_BIT_CONVERSION = YES;
				GCC_WARN_ABOUT_RETURN_TYPE = YES_ERROR;
				GCC_WARN_UNDECLARED_SELECTOR = YES;
				GCC_WARN_UNINITIALIZED_AUTOS = YES_AGGRESSIVE;
				GCC_WARN_UNUSED_FUNCTION = YES;
				GCC_WARN_UNUSED_VARIABLE = YES;
				IPHONEOS_DEPLOYMENT_TARGET = 11.2;
				MTL_ENABLE_DEBUG_INFO = NO;
				SDKROOT = iphoneos;
				SWIFT_OPTIMIZATION_LEVEL = "-Owholemodule";
				VALIDATE_PRODUCT = YES;
			};
			name = Release;
		};
		EE22EDF0202044320084F399 /* Debug */ = {
			isa = XCBuildConfiguration;
			baseConfigurationReference = BB9251F6AE3DE76A79FEC5F3 /* Pods-CardGameApp.debug.xcconfig */;
			buildSettings = {
				ASSETCATALOG_COMPILER_APPICON_NAME = AppIcon;
				CODE_SIGN_STYLE = Automatic;
				DEVELOPMENT_TEAM = B3PWYBKFUK;
				INFOPLIST_FILE = CardGameApp/Info.plist;
				LD_RUNPATH_SEARCH_PATHS = "$(inherited) @executable_path/Frameworks";
				PRODUCT_BUNDLE_IDENTIFIER = undervineg.ios.school.CardGameApp;
				PRODUCT_NAME = "$(TARGET_NAME)";
				SWIFT_VERSION = 4.0;
				TARGETED_DEVICE_FAMILY = "1,2";
			};
			name = Debug;
		};
		EE22EDF1202044320084F399 /* Release */ = {
			isa = XCBuildConfiguration;
			baseConfigurationReference = 99659751889EF03B67E57840 /* Pods-CardGameApp.release.xcconfig */;
			buildSettings = {
				ASSETCATALOG_COMPILER_APPICON_NAME = AppIcon;
				CODE_SIGN_STYLE = Automatic;
				DEVELOPMENT_TEAM = B3PWYBKFUK;
				INFOPLIST_FILE = CardGameApp/Info.plist;
				LD_RUNPATH_SEARCH_PATHS = "$(inherited) @executable_path/Frameworks";
				PRODUCT_BUNDLE_IDENTIFIER = undervineg.ios.school.CardGameApp;
				PRODUCT_NAME = "$(TARGET_NAME)";
				SWIFT_VERSION = 4.0;
				TARGETED_DEVICE_FAMILY = "1,2";
			};
			name = Release;
		};
/* End XCBuildConfiguration section */

/* Begin XCConfigurationList section */
		EE22EDD8202044320084F399 /* Build configuration list for PBXProject "CardGameApp" */ = {
			isa = XCConfigurationList;
			buildConfigurations = (
				EE22EDED202044320084F399 /* Debug */,
				EE22EDEE202044320084F399 /* Release */,
			);
			defaultConfigurationIsVisible = 0;
			defaultConfigurationName = Release;
		};
		EE22EDEF202044320084F399 /* Build configuration list for PBXNativeTarget "CardGameApp" */ = {
			isa = XCConfigurationList;
			buildConfigurations = (
				EE22EDF0202044320084F399 /* Debug */,
				EE22EDF1202044320084F399 /* Release */,
			);
			defaultConfigurationIsVisible = 0;
			defaultConfigurationName = Release;
		};
/* End XCConfigurationList section */
	};
	rootObject = EE22EDD5202044320084F399 /* Project object */;
}
