// !$*UTF8*$!
{
	archiveVersion = 1;
	classes = {
	};
	objectVersion = 50;
	objects = {

/* Begin PBXBuildFile section */
		4702B9C0219982CF00092138 /* TableauContainerView.swift in Sources */ = {isa = PBXBuildFile; fileRef = 4702B9BF219982CF00092138 /* TableauContainerView.swift */; };
		4702BA08219C2EEA00092138 /* StockModel.swift in Sources */ = {isa = PBXBuildFile; fileRef = 4702BA07219C2EEA00092138 /* StockModel.swift */; };
		4702BA0A219C2F6500092138 /* StockViewModel.swift in Sources */ = {isa = PBXBuildFile; fileRef = 4702BA09219C2F6500092138 /* StockViewModel.swift */; };
		4702BA0E219C479100092138 /* WasteViewModel.swift in Sources */ = {isa = PBXBuildFile; fileRef = 4702BA0D219C479100092138 /* WasteViewModel.swift */; };
		4702BA10219C47C800092138 /* WasteModel.swift in Sources */ = {isa = PBXBuildFile; fileRef = 4702BA0F219C47C800092138 /* WasteModel.swift */; };
		4702BA12219C543000092138 /* TableauViewModel.swift in Sources */ = {isa = PBXBuildFile; fileRef = 4702BA11219C543000092138 /* TableauViewModel.swift */; };
		4702BA14219C544900092138 /* TableauModel.swift in Sources */ = {isa = PBXBuildFile; fileRef = 4702BA13219C544900092138 /* TableauModel.swift */; };
		4702BA18219C56EB00092138 /* FoundationViewModel.swift in Sources */ = {isa = PBXBuildFile; fileRef = 4702BA17219C56EB00092138 /* FoundationViewModel.swift */; };
		4702BA1A219C56F400092138 /* FoundationModel.swift in Sources */ = {isa = PBXBuildFile; fileRef = 4702BA19219C56F400092138 /* FoundationModel.swift */; };
		4702BA1C219D1D1300092138 /* FoundationContainerView.swift in Sources */ = {isa = PBXBuildFile; fileRef = 4702BA1B219D1D1300092138 /* FoundationContainerView.swift */; };
		471FFEE0218C16B1002F66DC /* Unit.swift in Sources */ = {isa = PBXBuildFile; fileRef = 471FFEDF218C16B1002F66DC /* Unit.swift */; };
		47378C84218C95E300978365 /* NotificationKey.swift in Sources */ = {isa = PBXBuildFile; fileRef = 47378C83218C95E300978365 /* NotificationKey.swift */; };
		47474F3D219DC0F4007FE9B8 /* CustomUITapGestureRecognizer.swift in Sources */ = {isa = PBXBuildFile; fileRef = 47474F3C219DC0F4007FE9B8 /* CustomUITapGestureRecognizer.swift */; };
		47474F3F219E978D007FE9B8 /* Protocol.swift in Sources */ = {isa = PBXBuildFile; fileRef = 47474F3E219E978D007FE9B8 /* Protocol.swift */; };
		475E245E2182082D00801BFF /* AppDelegate.swift in Sources */ = {isa = PBXBuildFile; fileRef = 475E245D2182082D00801BFF /* AppDelegate.swift */; };
		475E24602182082D00801BFF /* ViewController.swift in Sources */ = {isa = PBXBuildFile; fileRef = 475E245F2182082D00801BFF /* ViewController.swift */; };
		475E24632182082D00801BFF /* Main.storyboard in Resources */ = {isa = PBXBuildFile; fileRef = 475E24612182082D00801BFF /* Main.storyboard */; };
		475E24652182082E00801BFF /* Assets.xcassets in Resources */ = {isa = PBXBuildFile; fileRef = 475E24642182082E00801BFF /* Assets.xcassets */; };
		475E24682182082E00801BFF /* LaunchScreen.storyboard in Resources */ = {isa = PBXBuildFile; fileRef = 475E24662182082E00801BFF /* LaunchScreen.storyboard */; };
		479FBB5A2188BA3E003041B3 /* WasteView.swift in Sources */ = {isa = PBXBuildFile; fileRef = 479FBB592188BA3E003041B3 /* WasteView.swift */; };
		479FBB5C2189C2AA003041B3 /* RefreshImageView.swift in Sources */ = {isa = PBXBuildFile; fileRef = 479FBB5B2189C2AA003041B3 /* RefreshImageView.swift */; };
		47C7FD7221821889003417E8 /* BackgroundView.swift in Sources */ = {isa = PBXBuildFile; fileRef = 47C7FD7121821889003417E8 /* BackgroundView.swift */; };
		47C7FD762182B020003417E8 /* CardImageView.swift in Sources */ = {isa = PBXBuildFile; fileRef = 47C7FD752182B020003417E8 /* CardImageView.swift */; };
		47C7FD862182C9C9003417E8 /* CardDeck.swift in Sources */ = {isa = PBXBuildFile; fileRef = 47C7FD7A2182C9C8003417E8 /* CardDeck.swift */; };
		47C7FD872182C9C9003417E8 /* CardProperty.swift in Sources */ = {isa = PBXBuildFile; fileRef = 47C7FD7B2182C9C8003417E8 /* CardProperty.swift */; };
		47C7FD8E2182C9C9003417E8 /* Card.swift in Sources */ = {isa = PBXBuildFile; fileRef = 47C7FD822182C9C9003417E8 /* Card.swift */; };
		47C7FD902183039B003417E8 /* String+PNG.swift in Sources */ = {isa = PBXBuildFile; fileRef = 47C7FD8F2183039B003417E8 /* String+PNG.swift */; };
		47CDAD0B21883E32002725B8 /* StockView.swift in Sources */ = {isa = PBXBuildFile; fileRef = 47CDAD0A21883E32002725B8 /* StockView.swift */; };
		E92C59F4C46CBA792E28745E /* Pods_CardGameApp.framework in Frameworks */ = {isa = PBXBuildFile; fileRef = 1C5E66D143B71340C75FD6E8 /* Pods_CardGameApp.framework */; };
/* End PBXBuildFile section */

/* Begin PBXFileReference section */
		1C5E66D143B71340C75FD6E8 /* Pods_CardGameApp.framework */ = {isa = PBXFileReference; explicitFileType = wrapper.framework; includeInIndex = 0; path = Pods_CardGameApp.framework; sourceTree = BUILT_PRODUCTS_DIR; };
		1D80CF91870C870E4B1EA4B9 /* Pods-CardGameApp.debug.xcconfig */ = {isa = PBXFileReference; includeInIndex = 1; lastKnownFileType = text.xcconfig; name = "Pods-CardGameApp.debug.xcconfig"; path = "Pods/Target Support Files/Pods-CardGameApp/Pods-CardGameApp.debug.xcconfig"; sourceTree = "<group>"; };
		4702B9BF219982CF00092138 /* TableauContainerView.swift */ = {isa = PBXFileReference; lastKnownFileType = sourcecode.swift; path = TableauContainerView.swift; sourceTree = "<group>"; };
		4702BA07219C2EEA00092138 /* StockModel.swift */ = {isa = PBXFileReference; lastKnownFileType = sourcecode.swift; path = StockModel.swift; sourceTree = "<group>"; };
		4702BA09219C2F6500092138 /* StockViewModel.swift */ = {isa = PBXFileReference; lastKnownFileType = sourcecode.swift; path = StockViewModel.swift; sourceTree = "<group>"; };
		4702BA0D219C479100092138 /* WasteViewModel.swift */ = {isa = PBXFileReference; lastKnownFileType = sourcecode.swift; path = WasteViewModel.swift; sourceTree = "<group>"; };
		4702BA0F219C47C800092138 /* WasteModel.swift */ = {isa = PBXFileReference; lastKnownFileType = sourcecode.swift; path = WasteModel.swift; sourceTree = "<group>"; };
		4702BA11219C543000092138 /* TableauViewModel.swift */ = {isa = PBXFileReference; lastKnownFileType = sourcecode.swift; path = TableauViewModel.swift; sourceTree = "<group>"; };
		4702BA13219C544900092138 /* TableauModel.swift */ = {isa = PBXFileReference; lastKnownFileType = sourcecode.swift; path = TableauModel.swift; sourceTree = "<group>"; };
		4702BA17219C56EB00092138 /* FoundationViewModel.swift */ = {isa = PBXFileReference; lastKnownFileType = sourcecode.swift; path = FoundationViewModel.swift; sourceTree = "<group>"; };
		4702BA19219C56F400092138 /* FoundationModel.swift */ = {isa = PBXFileReference; lastKnownFileType = sourcecode.swift; path = FoundationModel.swift; sourceTree = "<group>"; };
		4702BA1B219D1D1300092138 /* FoundationContainerView.swift */ = {isa = PBXFileReference; lastKnownFileType = sourcecode.swift; path = FoundationContainerView.swift; sourceTree = "<group>"; };
		471FFEDF218C16B1002F66DC /* Unit.swift */ = {isa = PBXFileReference; lastKnownFileType = sourcecode.swift; path = Unit.swift; sourceTree = "<group>"; };
		47378C83218C95E300978365 /* NotificationKey.swift */ = {isa = PBXFileReference; lastKnownFileType = sourcecode.swift; path = NotificationKey.swift; sourceTree = "<group>"; };
		47474F3C219DC0F4007FE9B8 /* CustomUITapGestureRecognizer.swift */ = {isa = PBXFileReference; lastKnownFileType = sourcecode.swift; path = CustomUITapGestureRecognizer.swift; sourceTree = "<group>"; };
		47474F3E219E978D007FE9B8 /* Protocol.swift */ = {isa = PBXFileReference; lastKnownFileType = sourcecode.swift; path = Protocol.swift; sourceTree = "<group>"; };
		475E245A2182082D00801BFF /* CardGameApp.app */ = {isa = PBXFileReference; explicitFileType = wrapper.application; includeInIndex = 0; path = CardGameApp.app; sourceTree = BUILT_PRODUCTS_DIR; };
		475E245D2182082D00801BFF /* AppDelegate.swift */ = {isa = PBXFileReference; lastKnownFileType = sourcecode.swift; path = AppDelegate.swift; sourceTree = "<group>"; };
		475E245F2182082D00801BFF /* ViewController.swift */ = {isa = PBXFileReference; lastKnownFileType = sourcecode.swift; path = ViewController.swift; sourceTree = "<group>"; };
		475E24622182082D00801BFF /* Base */ = {isa = PBXFileReference; lastKnownFileType = file.storyboard; name = Base; path = Base.lproj/Main.storyboard; sourceTree = "<group>"; };
		475E24642182082E00801BFF /* Assets.xcassets */ = {isa = PBXFileReference; lastKnownFileType = folder.assetcatalog; path = Assets.xcassets; sourceTree = "<group>"; };
		475E24672182082E00801BFF /* Base */ = {isa = PBXFileReference; lastKnownFileType = file.storyboard; name = Base; path = Base.lproj/LaunchScreen.storyboard; sourceTree = "<group>"; };
		475E24692182082E00801BFF /* Info.plist */ = {isa = PBXFileReference; lastKnownFileType = text.plist.xml; path = Info.plist; sourceTree = "<group>"; };
		479FBB592188BA3E003041B3 /* WasteView.swift */ = {isa = PBXFileReference; lastKnownFileType = sourcecode.swift; path = WasteView.swift; sourceTree = "<group>"; };
		479FBB5B2189C2AA003041B3 /* RefreshImageView.swift */ = {isa = PBXFileReference; lastKnownFileType = sourcecode.swift; path = RefreshImageView.swift; sourceTree = "<group>"; };
		47C7FD7121821889003417E8 /* BackgroundView.swift */ = {isa = PBXFileReference; lastKnownFileType = sourcecode.swift; path = BackgroundView.swift; sourceTree = "<group>"; };
		47C7FD752182B020003417E8 /* CardImageView.swift */ = {isa = PBXFileReference; lastKnownFileType = sourcecode.swift; path = CardImageView.swift; sourceTree = "<group>"; };
		47C7FD7A2182C9C8003417E8 /* CardDeck.swift */ = {isa = PBXFileReference; fileEncoding = 4; lastKnownFileType = sourcecode.swift; path = CardDeck.swift; sourceTree = "<group>"; };
		47C7FD7B2182C9C8003417E8 /* CardProperty.swift */ = {isa = PBXFileReference; fileEncoding = 4; lastKnownFileType = sourcecode.swift; path = CardProperty.swift; sourceTree = "<group>"; };
		47C7FD822182C9C9003417E8 /* Card.swift */ = {isa = PBXFileReference; fileEncoding = 4; lastKnownFileType = sourcecode.swift; path = Card.swift; sourceTree = "<group>"; };
		47C7FD8F2183039B003417E8 /* String+PNG.swift */ = {isa = PBXFileReference; lastKnownFileType = sourcecode.swift; path = "String+PNG.swift"; sourceTree = "<group>"; };
		47CDAD0A21883E32002725B8 /* StockView.swift */ = {isa = PBXFileReference; lastKnownFileType = sourcecode.swift; path = StockView.swift; sourceTree = "<group>"; };
		F61891CE579B49D38C70D1CE /* Pods-CardGameApp.release.xcconfig */ = {isa = PBXFileReference; includeInIndex = 1; lastKnownFileType = text.xcconfig; name = "Pods-CardGameApp.release.xcconfig"; path = "Pods/Target Support Files/Pods-CardGameApp/Pods-CardGameApp.release.xcconfig"; sourceTree = "<group>"; };
/* End PBXFileReference section */

/* Begin PBXFrameworksBuildPhase section */
		475E24572182082D00801BFF /* Frameworks */ = {
			isa = PBXFrameworksBuildPhase;
			buildActionMask = 2147483647;
			files = (
				E92C59F4C46CBA792E28745E /* Pods_CardGameApp.framework in Frameworks */,
			);
			runOnlyForDeploymentPostprocessing = 0;
		};
/* End PBXFrameworksBuildPhase section */

/* Begin PBXGroup section */
		4702BA03219C2C0500092138 /* View */ = {
			isa = PBXGroup;
			children = (
				479FBB5B2189C2AA003041B3 /* RefreshImageView.swift */,
				47C7FD752182B020003417E8 /* CardImageView.swift */,
				47C7FD7121821889003417E8 /* BackgroundView.swift */,
				47CDAD0A21883E32002725B8 /* StockView.swift */,
				479FBB592188BA3E003041B3 /* WasteView.swift */,
				4702BA1B219D1D1300092138 /* FoundationContainerView.swift */,
				4702B9BF219982CF00092138 /* TableauContainerView.swift */,
			);
			path = View;
			sourceTree = "<group>";
		};
		4702BA04219C2C1D00092138 /* Model */ = {
			isa = PBXGroup;
			children = (
				47C7FD7B2182C9C8003417E8 /* CardProperty.swift */,
				47C7FD822182C9C9003417E8 /* Card.swift */,
				47C7FD7A2182C9C8003417E8 /* CardDeck.swift */,
				4702BA07219C2EEA00092138 /* StockModel.swift */,
				4702BA0F219C47C800092138 /* WasteModel.swift */,
				4702BA19219C56F400092138 /* FoundationModel.swift */,
				4702BA13219C544900092138 /* TableauModel.swift */,
			);
			path = Model;
			sourceTree = "<group>";
		};
		4702BA05219C2C2200092138 /* ViewModel */ = {
			isa = PBXGroup;
			children = (
				4702BA09219C2F6500092138 /* StockViewModel.swift */,
				4702BA0D219C479100092138 /* WasteViewModel.swift */,
				4702BA17219C56EB00092138 /* FoundationViewModel.swift */,
				4702BA11219C543000092138 /* TableauViewModel.swift */,
			);
			path = ViewModel;
			sourceTree = "<group>";
		};
		4702BA06219C2C3800092138 /* Utility */ = {
			isa = PBXGroup;
			children = (
				471FFEDF218C16B1002F66DC /* Unit.swift */,
				47C7FD8F2183039B003417E8 /* String+PNG.swift */,
				47378C83218C95E300978365 /* NotificationKey.swift */,
				47474F3C219DC0F4007FE9B8 /* CustomUITapGestureRecognizer.swift */,
			);
			path = Utility;
			sourceTree = "<group>";
		};
		47474F40219E9793007FE9B8 /* Protocol */ = {
			isa = PBXGroup;
			children = (
				47474F3E219E978D007FE9B8 /* Protocol.swift */,
			);
			path = Protocol;
			sourceTree = "<group>";
		};
		475E24512182082D00801BFF = {
			isa = PBXGroup;
			children = (
				475E245C2182082D00801BFF /* CardGameApp */,
				475E245B2182082D00801BFF /* Products */,
				B6ABD2C4473709329354A81D /* Pods */,
				BA9C12F6D9164A6D5D4D408D /* Frameworks */,
			);
			sourceTree = "<group>";
		};
		475E245B2182082D00801BFF /* Products */ = {
			isa = PBXGroup;
			children = (
				475E245A2182082D00801BFF /* CardGameApp.app */,
			);
			name = Products;
			sourceTree = "<group>";
		};
		475E245C2182082D00801BFF /* CardGameApp */ = {
			isa = PBXGroup;
			children = (
				47474F40219E9793007FE9B8 /* Protocol */,
				4702BA06219C2C3800092138 /* Utility */,
				4702BA05219C2C2200092138 /* ViewModel */,
				4702BA03219C2C0500092138 /* View */,
				4702BA04219C2C1D00092138 /* Model */,
				475E245D2182082D00801BFF /* AppDelegate.swift */,
				475E24692182082E00801BFF /* Info.plist */,
				475E245F2182082D00801BFF /* ViewController.swift */,
				475E24642182082E00801BFF /* Assets.xcassets */,
				475E24662182082E00801BFF /* LaunchScreen.storyboard */,
				475E24612182082D00801BFF /* Main.storyboard */,
			);
			path = CardGameApp;
			sourceTree = "<group>";
		};
		B6ABD2C4473709329354A81D /* Pods */ = {
			isa = PBXGroup;
			children = (
				1D80CF91870C870E4B1EA4B9 /* Pods-CardGameApp.debug.xcconfig */,
				F61891CE579B49D38C70D1CE /* Pods-CardGameApp.release.xcconfig */,
			);
			name = Pods;
			sourceTree = "<group>";
		};
		BA9C12F6D9164A6D5D4D408D /* Frameworks */ = {
			isa = PBXGroup;
			children = (
				1C5E66D143B71340C75FD6E8 /* Pods_CardGameApp.framework */,
			);
			name = Frameworks;
			sourceTree = "<group>";
		};
/* End PBXGroup section */

/* Begin PBXNativeTarget section */
		475E24592182082D00801BFF /* CardGameApp */ = {
			isa = PBXNativeTarget;
			buildConfigurationList = 475E246C2182082E00801BFF /* Build configuration list for PBXNativeTarget "CardGameApp" */;
			buildPhases = (
				6FB70CAA8FB25B82D85ABC9B /* [CP] Check Pods Manifest.lock */,
				475E24562182082D00801BFF /* Sources */,
				475E24572182082D00801BFF /* Frameworks */,
				475E24582182082D00801BFF /* Resources */,
				475E246F218208E300801BFF /* ShellScript */,
			);
			buildRules = (
			);
			dependencies = (
			);
			name = CardGameApp;
			productName = CardGameApp;
			productReference = 475E245A2182082D00801BFF /* CardGameApp.app */;
			productType = "com.apple.product-type.application";
		};
/* End PBXNativeTarget section */

/* Begin PBXProject section */
		475E24522182082D00801BFF /* Project object */ = {
			isa = PBXProject;
			attributes = {
				LastSwiftUpdateCheck = 1000;
				LastUpgradeCheck = 1000;
				ORGANIZATIONNAME = oingbong;
				TargetAttributes = {
					475E24592182082D00801BFF = {
						CreatedOnToolsVersion = 10.0;
					};
				};
			};
			buildConfigurationList = 475E24552182082D00801BFF /* Build configuration list for PBXProject "CardGameApp" */;
			compatibilityVersion = "Xcode 9.3";
			developmentRegion = en;
			hasScannedForEncodings = 0;
			knownRegions = (
				en,
				Base,
			);
			mainGroup = 475E24512182082D00801BFF;
			productRefGroup = 475E245B2182082D00801BFF /* Products */;
			projectDirPath = "";
			projectRoot = "";
			targets = (
				475E24592182082D00801BFF /* CardGameApp */,
			);
		};
/* End PBXProject section */

/* Begin PBXResourcesBuildPhase section */
		475E24582182082D00801BFF /* Resources */ = {
			isa = PBXResourcesBuildPhase;
			buildActionMask = 2147483647;
			files = (
				475E24682182082E00801BFF /* LaunchScreen.storyboard in Resources */,
				475E24652182082E00801BFF /* Assets.xcassets in Resources */,
				475E24632182082D00801BFF /* Main.storyboard in Resources */,
			);
			runOnlyForDeploymentPostprocessing = 0;
		};
/* End PBXResourcesBuildPhase section */

/* Begin PBXShellScriptBuildPhase section */
		475E246F218208E300801BFF /* ShellScript */ = {
			isa = PBXShellScriptBuildPhase;
			buildActionMask = 2147483647;
			files = (
			);
			inputFileListPaths = (
			);
			inputPaths = (
			);
			outputFileListPaths = (
			);
			outputPaths = (
			);
			runOnlyForDeploymentPostprocessing = 0;
			shellPath = /bin/sh;
			shellScript = "${PODS_ROOT}/SwiftLint/swiftlint\n";
		};
		6FB70CAA8FB25B82D85ABC9B /* [CP] Check Pods Manifest.lock */ = {
			isa = PBXShellScriptBuildPhase;
			buildActionMask = 2147483647;
			files = (
			);
			inputFileListPaths = (
			);
			inputPaths = (
				"${PODS_PODFILE_DIR_PATH}/Podfile.lock",
				"${PODS_ROOT}/Manifest.lock",
			);
			name = "[CP] Check Pods Manifest.lock";
			outputFileListPaths = (
			);
			outputPaths = (
				"$(DERIVED_FILE_DIR)/Pods-CardGameApp-checkManifestLockResult.txt",
			);
			runOnlyForDeploymentPostprocessing = 0;
			shellPath = /bin/sh;
			shellScript = "diff \"${PODS_PODFILE_DIR_PATH}/Podfile.lock\" \"${PODS_ROOT}/Manifest.lock\" > /dev/null\nif [ $? != 0 ] ; then\n    # print error to STDERR\n    echo \"error: The sandbox is not in sync with the Podfile.lock. Run 'pod install' or update your CocoaPods installation.\" >&2\n    exit 1\nfi\n# This output is used by Xcode 'outputs' to avoid re-running this script phase.\necho \"SUCCESS\" > \"${SCRIPT_OUTPUT_FILE_0}\"\n";
			showEnvVarsInLog = 0;
		};
/* End PBXShellScriptBuildPhase section */

/* Begin PBXSourcesBuildPhase section */
		475E24562182082D00801BFF /* Sources */ = {
			isa = PBXSourcesBuildPhase;
			buildActionMask = 2147483647;
			files = (
				47C7FD7221821889003417E8 /* BackgroundView.swift in Sources */,
				47C7FD872182C9C9003417E8 /* CardProperty.swift in Sources */,
				471FFEE0218C16B1002F66DC /* Unit.swift in Sources */,
				47C7FD902183039B003417E8 /* String+PNG.swift in Sources */,
				4702BA14219C544900092138 /* TableauModel.swift in Sources */,
				4702BA1A219C56F400092138 /* FoundationModel.swift in Sources */,
				475E24602182082D00801BFF /* ViewController.swift in Sources */,
				47CDAD0B21883E32002725B8 /* StockView.swift in Sources */,
				47378C84218C95E300978365 /* NotificationKey.swift in Sources */,
				4702BA0E219C479100092138 /* WasteViewModel.swift in Sources */,
				479FBB5C2189C2AA003041B3 /* RefreshImageView.swift in Sources */,
				47C7FD862182C9C9003417E8 /* CardDeck.swift in Sources */,
				4702BA12219C543000092138 /* TableauViewModel.swift in Sources */,
				475E245E2182082D00801BFF /* AppDelegate.swift in Sources */,
				47474F3F219E978D007FE9B8 /* Protocol.swift in Sources */,
				4702B9C0219982CF00092138 /* TableauContainerView.swift in Sources */,
				4702BA10219C47C800092138 /* WasteModel.swift in Sources */,
				4702BA08219C2EEA00092138 /* StockModel.swift in Sources */,
				479FBB5A2188BA3E003041B3 /* WasteView.swift in Sources */,
				47C7FD762182B020003417E8 /* CardImageView.swift in Sources */,
				47C7FD8E2182C9C9003417E8 /* Card.swift in Sources */,
				4702BA18219C56EB00092138 /* FoundationViewModel.swift in Sources */,
				4702BA1C219D1D1300092138 /* FoundationContainerView.swift in Sources */,
				4702BA0A219C2F6500092138 /* StockViewModel.swift in Sources */,
				47474F3D219DC0F4007FE9B8 /* CustomUITapGestureRecognizer.swift in Sources */,
			);
			runOnlyForDeploymentPostprocessing = 0;
		};
/* End PBXSourcesBuildPhase section */

/* Begin PBXVariantGroup section */
		475E24612182082D00801BFF /* Main.storyboard */ = {
			isa = PBXVariantGroup;
			children = (
				475E24622182082D00801BFF /* Base */,
			);
			name = Main.storyboard;
			sourceTree = "<group>";
		};
		475E24662182082E00801BFF /* LaunchScreen.storyboard */ = {
			isa = PBXVariantGroup;
			children = (
				475E24672182082E00801BFF /* Base */,
			);
			name = LaunchScreen.storyboard;
			sourceTree = "<group>";
		};
/* End PBXVariantGroup section */

/* Begin XCBuildConfiguration section */
		475E246A2182082E00801BFF /* Debug */ = {
			isa = XCBuildConfiguration;
			buildSettings = {
				ALWAYS_SEARCH_USER_PATHS = NO;
				CLANG_ANALYZER_NONNULL = YES;
				CLANG_ANALYZER_NUMBER_OBJECT_CONVERSION = YES_AGGRESSIVE;
				CLANG_CXX_LANGUAGE_STANDARD = "gnu++14";
				CLANG_CXX_LIBRARY = "libc++";
				CLANG_ENABLE_MODULES = YES;
				CLANG_ENABLE_OBJC_ARC = YES;
				CLANG_ENABLE_OBJC_WEAK = YES;
				CLANG_WARN_BLOCK_CAPTURE_AUTORELEASING = YES;
				CLANG_WARN_BOOL_CONVERSION = YES;
				CLANG_WARN_COMMA = YES;
				CLANG_WARN_CONSTANT_CONVERSION = YES;
				CLANG_WARN_DEPRECATED_OBJC_IMPLEMENTATIONS = YES;
				CLANG_WARN_DIRECT_OBJC_ISA_USAGE = YES_ERROR;
				CLANG_WARN_DOCUMENTATION_COMMENTS = YES;
				CLANG_WARN_EMPTY_BODY = YES;
				CLANG_WARN_ENUM_CONVERSION = YES;
				CLANG_WARN_INFINITE_RECURSION = YES;
				CLANG_WARN_INT_CONVERSION = YES;
				CLANG_WARN_NON_LITERAL_NULL_CONVERSION = YES;
				CLANG_WARN_OBJC_IMPLICIT_RETAIN_SELF = YES;
				CLANG_WARN_OBJC_LITERAL_CONVERSION = YES;
				CLANG_WARN_OBJC_ROOT_CLASS = YES_ERROR;
				CLANG_WARN_RANGE_LOOP_ANALYSIS = YES;
				CLANG_WARN_STRICT_PROTOTYPES = YES;
				CLANG_WARN_SUSPICIOUS_MOVE = YES;
				CLANG_WARN_UNGUARDED_AVAILABILITY = YES_AGGRESSIVE;
				CLANG_WARN_UNREACHABLE_CODE = YES;
				CLANG_WARN__DUPLICATE_METHOD_MATCH = YES;
				CODE_SIGN_IDENTITY = "iPhone Developer";
				COPY_PHASE_STRIP = NO;
				DEBUG_INFORMATION_FORMAT = dwarf;
				ENABLE_STRICT_OBJC_MSGSEND = YES;
				ENABLE_TESTABILITY = YES;
				GCC_C_LANGUAGE_STANDARD = gnu11;
				GCC_DYNAMIC_NO_PIC = NO;
				GCC_NO_COMMON_BLOCKS = YES;
				GCC_OPTIMIZATION_LEVEL = 0;
				GCC_PREPROCESSOR_DEFINITIONS = (
					"DEBUG=1",
					"$(inherited)",
				);
				GCC_WARN_64_TO_32_BIT_CONVERSION = YES;
				GCC_WARN_ABOUT_RETURN_TYPE = YES_ERROR;
				GCC_WARN_UNDECLARED_SELECTOR = YES;
				GCC_WARN_UNINITIALIZED_AUTOS = YES_AGGRESSIVE;
				GCC_WARN_UNUSED_FUNCTION = YES;
				GCC_WARN_UNUSED_VARIABLE = YES;
				IPHONEOS_DEPLOYMENT_TARGET = 12.0;
				MTL_ENABLE_DEBUG_INFO = INCLUDE_SOURCE;
				MTL_FAST_MATH = YES;
				ONLY_ACTIVE_ARCH = YES;
				SDKROOT = iphoneos;
				SWIFT_ACTIVE_COMPILATION_CONDITIONS = DEBUG;
				SWIFT_OPTIMIZATION_LEVEL = "-Onone";
			};
			name = Debug;
		};
		475E246B2182082E00801BFF /* Release */ = {
			isa = XCBuildConfiguration;
			buildSettings = {
				ALWAYS_SEARCH_USER_PATHS = NO;
				CLANG_ANALYZER_NONNULL = YES;
				CLANG_ANALYZER_NUMBER_OBJECT_CONVERSION = YES_AGGRESSIVE;
				CLANG_CXX_LANGUAGE_STANDARD = "gnu++14";
				CLANG_CXX_LIBRARY = "libc++";
				CLANG_ENABLE_MODULES = YES;
				CLANG_ENABLE_OBJC_ARC = YES;
				CLANG_ENABLE_OBJC_WEAK = YES;
				CLANG_WARN_BLOCK_CAPTURE_AUTORELEASING = YES;
				CLANG_WARN_BOOL_CONVERSION = YES;
				CLANG_WARN_COMMA = YES;
				CLANG_WARN_CONSTANT_CONVERSION = YES;
				CLANG_WARN_DEPRECATED_OBJC_IMPLEMENTATIONS = YES;
				CLANG_WARN_DIRECT_OBJC_ISA_USAGE = YES_ERROR;
				CLANG_WARN_DOCUMENTATION_COMMENTS = YES;
				CLANG_WARN_EMPTY_BODY = YES;
				CLANG_WARN_ENUM_CONVERSION = YES;
				CLANG_WARN_INFINITE_RECURSION = YES;
				CLANG_WARN_INT_CONVERSION = YES;
				CLANG_WARN_NON_LITERAL_NULL_CONVERSION = YES;
				CLANG_WARN_OBJC_IMPLICIT_RETAIN_SELF = YES;
				CLANG_WARN_OBJC_LITERAL_CONVERSION = YES;
				CLANG_WARN_OBJC_ROOT_CLASS = YES_ERROR;
				CLANG_WARN_RANGE_LOOP_ANALYSIS = YES;
				CLANG_WARN_STRICT_PROTOTYPES = YES;
				CLANG_WARN_SUSPICIOUS_MOVE = YES;
				CLANG_WARN_UNGUARDED_AVAILABILITY = YES_AGGRESSIVE;
				CLANG_WARN_UNREACHABLE_CODE = YES;
				CLANG_WARN__DUPLICATE_METHOD_MATCH = YES;
				CODE_SIGN_IDENTITY = "iPhone Developer";
				COPY_PHASE_STRIP = NO;
				DEBUG_INFORMATION_FORMAT = "dwarf-with-dsym";
				ENABLE_NS_ASSERTIONS = NO;
				ENABLE_STRICT_OBJC_MSGSEND = YES;
				GCC_C_LANGUAGE_STANDARD = gnu11;
				GCC_NO_COMMON_BLOCKS = YES;
				GCC_WARN_64_TO_32_BIT_CONVERSION = YES;
				GCC_WARN_ABOUT_RETURN_TYPE = YES_ERROR;
				GCC_WARN_UNDECLARED_SELECTOR = YES;
				GCC_WARN_UNINITIALIZED_AUTOS = YES_AGGRESSIVE;
				GCC_WARN_UNUSED_FUNCTION = YES;
				GCC_WARN_UNUSED_VARIABLE = YES;
				IPHONEOS_DEPLOYMENT_TARGET = 12.0;
				MTL_ENABLE_DEBUG_INFO = NO;
				MTL_FAST_MATH = YES;
				SDKROOT = iphoneos;
				SWIFT_COMPILATION_MODE = wholemodule;
				SWIFT_OPTIMIZATION_LEVEL = "-O";
				VALIDATE_PRODUCT = YES;
			};
			name = Release;
		};
		475E246D2182082E00801BFF /* Debug */ = {
			isa = XCBuildConfiguration;
			baseConfigurationReference = 1D80CF91870C870E4B1EA4B9 /* Pods-CardGameApp.debug.xcconfig */;
			buildSettings = {
				ASSETCATALOG_COMPILER_APPICON_NAME = AppIcon;
				CODE_SIGN_STYLE = Automatic;
				INFOPLIST_FILE = CardGameApp/Info.plist;
				LD_RUNPATH_SEARCH_PATHS = (
					"$(inherited)",
					"@executable_path/Frameworks",
				);
				PRODUCT_BUNDLE_IDENTIFIER = oingbong.CardGameApp;
				PRODUCT_NAME = "$(TARGET_NAME)";
				SWIFT_VERSION = 4.2;
				TARGETED_DEVICE_FAMILY = "1,2";
			};
			name = Debug;
		};
		475E246E2182082E00801BFF /* Release */ = {
			isa = XCBuildConfiguration;
			baseConfigurationReference = F61891CE579B49D38C70D1CE /* Pods-CardGameApp.release.xcconfig */;
			buildSettings = {
				ASSETCATALOG_COMPILER_APPICON_NAME = AppIcon;
				CODE_SIGN_STYLE = Automatic;
				INFOPLIST_FILE = CardGameApp/Info.plist;
				LD_RUNPATH_SEARCH_PATHS = (
					"$(inherited)",
					"@executable_path/Frameworks",
				);
				PRODUCT_BUNDLE_IDENTIFIER = oingbong.CardGameApp;
				PRODUCT_NAME = "$(TARGET_NAME)";
				SWIFT_VERSION = 4.2;
				TARGETED_DEVICE_FAMILY = "1,2";
			};
			name = Release;
		};
/* End XCBuildConfiguration section */

/* Begin XCConfigurationList section */
		475E24552182082D00801BFF /* Build configuration list for PBXProject "CardGameApp" */ = {
			isa = XCConfigurationList;
			buildConfigurations = (
				475E246A2182082E00801BFF /* Debug */,
				475E246B2182082E00801BFF /* Release */,
			);
			defaultConfigurationIsVisible = 0;
			defaultConfigurationName = Release;
		};
		475E246C2182082E00801BFF /* Build configuration list for PBXNativeTarget "CardGameApp" */ = {
			isa = XCConfigurationList;
			buildConfigurations = (
				475E246D2182082E00801BFF /* Debug */,
				475E246E2182082E00801BFF /* Release */,
			);
			defaultConfigurationIsVisible = 0;
			defaultConfigurationName = Release;
		};
/* End XCConfigurationList section */
	};
	rootObject = 475E24522182082D00801BFF /* Project object */;
}
